// !$*UTF8*$!
{
	archiveVersion = 1;
	classes = {
	};
	objectVersion = 46;
	objects = {

/* Begin PBXBuildFile section */
		266FA8001A134A72000C2AAE /* main.m in Sources */ = {isa = PBXBuildFile; fileRef = 266FA7FF1A134A72000C2AAE /* main.m */; };
		266FA8031A134A72000C2AAE /* AppDelegate.m in Sources */ = {isa = PBXBuildFile; fileRef = 266FA8021A134A72000C2AAE /* AppDelegate.m */; };
		266FA8061A134A72000C2AAE /* mltshop.xcdatamodeld in Sources */ = {isa = PBXBuildFile; fileRef = 266FA8041A134A72000C2AAE /* mltshop.xcdatamodeld */; };
		266FA8091A134A72000C2AAE /* ViewController.m in Sources */ = {isa = PBXBuildFile; fileRef = 266FA8081A134A72000C2AAE /* ViewController.m */; };
		266FA80C1A134A72000C2AAE /* Main.storyboard in Resources */ = {isa = PBXBuildFile; fileRef = 266FA80A1A134A72000C2AAE /* Main.storyboard */; };
		266FA80E1A134A72000C2AAE /* Images.xcassets in Resources */ = {isa = PBXBuildFile; fileRef = 266FA80D1A134A72000C2AAE /* Images.xcassets */; };
		266FA8111A134A72000C2AAE /* LaunchScreen.xib in Resources */ = {isa = PBXBuildFile; fileRef = 266FA80F1A134A72000C2AAE /* LaunchScreen.xib */; };
		266FA81D1A134A72000C2AAE /* mltshopTests.m in Sources */ = {isa = PBXBuildFile; fileRef = 266FA81C1A134A72000C2AAE /* mltshopTests.m */; };
/* End PBXBuildFile section */

/* Begin PBXContainerItemProxy section */
		266FA8171A134A72000C2AAE /* PBXContainerItemProxy */ = {
			isa = PBXContainerItemProxy;
			containerPortal = 266FA7F21A134A72000C2AAE /* Project object */;
			proxyType = 1;
			remoteGlobalIDString = 266FA7F91A134A72000C2AAE;
			remoteInfo = mltshop;
		};
/* End PBXContainerItemProxy section */

/* Begin PBXFileReference section */
		266FA7FA1A134A72000C2AAE /* mltshop.app */ = {isa = PBXFileReference; explicitFileType = wrapper.application; includeInIndex = 0; path = mltshop.app; sourceTree = BUILT_PRODUCTS_DIR; };
		266FA7FE1A134A72000C2AAE /* Info.plist */ = {isa = PBXFileReference; lastKnownFileType = text.plist.xml; path = Info.plist; sourceTree = "<group>"; };
		266FA7FF1A134A72000C2AAE /* main.m */ = {isa = PBXFileReference; lastKnownFileType = sourcecode.c.objc; path = main.m; sourceTree = "<group>"; };
		266FA8011A134A72000C2AAE /* AppDelegate.h */ = {isa = PBXFileReference; lastKnownFileType = sourcecode.c.h; path = AppDelegate.h; sourceTree = "<group>"; };
		266FA8021A134A72000C2AAE /* AppDelegate.m */ = {isa = PBXFileReference; lastKnownFileType = sourcecode.c.objc; path = AppDelegate.m; sourceTree = "<group>"; };
		266FA8051A134A72000C2AAE /* mltshop.xcdatamodel */ = {isa = PBXFileReference; lastKnownFileType = wrapper.xcdatamodel; path = mltshop.xcdatamodel; sourceTree = "<group>"; };
		266FA8071A134A72000C2AAE /* ViewController.h */ = {isa = PBXFileReference; lastKnownFileType = sourcecode.c.h; path = ViewController.h; sourceTree = "<group>"; };
		266FA8081A134A72000C2AAE /* ViewController.m */ = {isa = PBXFileReference; lastKnownFileType = sourcecode.c.objc; path = ViewController.m; sourceTree = "<group>"; };
		266FA80B1A134A72000C2AAE /* Base */ = {isa = PBXFileReference; lastKnownFileType = file.storyboard; name = Base; path = Base.lproj/Main.storyboard; sourceTree = "<group>"; };
		266FA80D1A134A72000C2AAE /* Images.xcassets */ = {isa = PBXFileReference; lastKnownFileType = folder.assetcatalog; path = Images.xcassets; sourceTree = "<group>"; };
		266FA8101A134A72000C2AAE /* Base */ = {isa = PBXFileReference; lastKnownFileType = file.xib; name = Base; path = Base.lproj/LaunchScreen.xib; sourceTree = "<group>"; };
		266FA8161A134A72000C2AAE /* mltshopTests.xctest */ = {isa = PBXFileReference; explicitFileType = wrapper.cfbundle; includeInIndex = 0; path = mltshopTests.xctest; sourceTree = BUILT_PRODUCTS_DIR; };
		266FA81B1A134A72000C2AAE /* Info.plist */ = {isa = PBXFileReference; lastKnownFileType = text.plist.xml; path = Info.plist; sourceTree = "<group>"; };
		266FA81C1A134A72000C2AAE /* mltshopTests.m */ = {isa = PBXFileReference; lastKnownFileType = sourcecode.c.objc; path = mltshopTests.m; sourceTree = "<group>"; };
/* End PBXFileReference section */

/* Begin PBXFrameworksBuildPhase section */
		266FA7F71A134A72000C2AAE /* Frameworks */ = {
			isa = PBXFrameworksBuildPhase;
			buildActionMask = 2147483647;
			files = (
			);
			runOnlyForDeploymentPostprocessing = 0;
		};
		266FA8131A134A72000C2AAE /* Frameworks */ = {
			isa = PBXFrameworksBuildPhase;
			buildActionMask = 2147483647;
			files = (
			);
			runOnlyForDeploymentPostprocessing = 0;
		};
/* End PBXFrameworksBuildPhase section */

/* Begin PBXGroup section */
		266FA7F11A134A72000C2AAE = {
			isa = PBXGroup;
			children = (
				266FA7FC1A134A72000C2AAE /* mltshop */,
				266FA8191A134A72000C2AAE /* mltshopTests */,
				266FA7FB1A134A72000C2AAE /* Products */,
			);
			sourceTree = "<group>";
		};
		266FA7FB1A134A72000C2AAE /* Products */ = {
			isa = PBXGroup;
			children = (
				266FA7FA1A134A72000C2AAE /* mltshop.app */,
				266FA8161A134A72000C2AAE /* mltshopTests.xctest */,
			);
			name = Products;
			sourceTree = "<group>";
		};
		266FA7FC1A134A72000C2AAE /* mltshop */ = {
			isa = PBXGroup;
			children = (
				266FA8011A134A72000C2AAE /* AppDelegate.h */,
				266FA8021A134A72000C2AAE /* AppDelegate.m */,
				266FA8071A134A72000C2AAE /* ViewController.h */,
				266FA8081A134A72000C2AAE /* ViewController.m */,
				266FA80A1A134A72000C2AAE /* Main.storyboard */,
				266FA80D1A134A72000C2AAE /* Images.xcassets */,
				266FA80F1A134A72000C2AAE /* LaunchScreen.xib */,
				266FA8041A134A72000C2AAE /* mltshop.xcdatamodeld */,
				266FA7FD1A134A72000C2AAE /* Supporting Files */,
			);
			path = mltshop;
			sourceTree = "<group>";
		};
		266FA7FD1A134A72000C2AAE /* Supporting Files */ = {
			isa = PBXGroup;
			children = (
				266FA7FE1A134A72000C2AAE /* Info.plist */,
				266FA7FF1A134A72000C2AAE /* main.m */,
			);
			name = "Supporting Files";
			sourceTree = "<group>";
		};
		266FA8191A134A72000C2AAE /* mltshopTests */ = {
			isa = PBXGroup;
			children = (
				266FA81C1A134A72000C2AAE /* mltshopTests.m */,
				266FA81A1A134A72000C2AAE /* Supporting Files */,
			);
			path = mltshopTests;
			sourceTree = "<group>";
		};
		266FA81A1A134A72000C2AAE /* Supporting Files */ = {
			isa = PBXGroup;
			children = (
				266FA81B1A134A72000C2AAE /* Info.plist */,
			);
			name = "Supporting Files";
			sourceTree = "<group>";
		};
/* End PBXGroup section */

/* Begin PBXNativeTarget section */
		266FA7F91A134A72000C2AAE /* mltshop */ = {
			isa = PBXNativeTarget;
			buildConfigurationList = 266FA8201A134A72000C2AAE /* Build configuration list for PBXNativeTarget "mltshop" */;
			buildPhases = (
				266FA7F61A134A72000C2AAE /* Sources */,
				266FA7F71A134A72000C2AAE /* Frameworks */,
				266FA7F81A134A72000C2AAE /* Resources */,
			);
			buildRules = (
			);
			dependencies = (
			);
			name = mltshop;
			productName = mltshop;
			productReference = 266FA7FA1A134A72000C2AAE /* mltshop.app */;
			productType = "com.apple.product-type.application";
		};
		266FA8151A134A72000C2AAE /* mltshopTests */ = {
			isa = PBXNativeTarget;
			buildConfigurationList = 266FA8231A134A72000C2AAE /* Build configuration list for PBXNativeTarget "mltshopTests" */;
			buildPhases = (
				266FA8121A134A72000C2AAE /* Sources */,
				266FA8131A134A72000C2AAE /* Frameworks */,
				266FA8141A134A72000C2AAE /* Resources */,
			);
			buildRules = (
			);
			dependencies = (
				266FA8181A134A72000C2AAE /* PBXTargetDependency */,
			);
			name = mltshopTests;
			productName = mltshopTests;
			productReference = 266FA8161A134A72000C2AAE /* mltshopTests.xctest */;
			productType = "com.apple.product-type.bundle.unit-test";
		};
/* End PBXNativeTarget section */

/* Begin PBXProject section */
		266FA7F21A134A72000C2AAE /* Project object */ = {
			isa = PBXProject;
			attributes = {
				LastUpgradeCheck = 0610;
				ORGANIZATIONNAME = manluotuo;
				TargetAttributes = {
					266FA7F91A134A72000C2AAE = {
						CreatedOnToolsVersion = 6.1;
					};
					266FA8151A134A72000C2AAE = {
						CreatedOnToolsVersion = 6.1;
						TestTargetID = 266FA7F91A134A72000C2AAE;
					};
				};
			};
			buildConfigurationList = 266FA7F51A134A72000C2AAE /* Build configuration list for PBXProject "mltshop" */;
			compatibilityVersion = "Xcode 3.2";
			developmentRegion = English;
			hasScannedForEncodings = 0;
			knownRegions = (
				en,
				Base,
			);
			mainGroup = 266FA7F11A134A72000C2AAE;
			productRefGroup = 266FA7FB1A134A72000C2AAE /* Products */;
			projectDirPath = "";
			projectRoot = "";
			targets = (
				266FA7F91A134A72000C2AAE /* mltshop */,
				266FA8151A134A72000C2AAE /* mltshopTests */,
			);
		};
/* End PBXProject section */

/* Begin PBXResourcesBuildPhase section */
		266FA7F81A134A72000C2AAE /* Resources */ = {
			isa = PBXResourcesBuildPhase;
			buildActionMask = 2147483647;
			files = (
				266FA80C1A134A72000C2AAE /* Main.storyboard in Resources */,
				266FA8111A134A72000C2AAE /* LaunchScreen.xib in Resources */,
				266FA80E1A134A72000C2AAE /* Images.xcassets in Resources */,
			);
			runOnlyForDeploymentPostprocessing = 0;
		};
		266FA8141A134A72000C2AAE /* Resources */ = {
			isa = PBXResourcesBuildPhase;
			buildActionMask = 2147483647;
			files = (
			);
			runOnlyForDeploymentPostprocessing = 0;
		};
/* End PBXResourcesBuildPhase section */

/* Begin PBXSourcesBuildPhase section */
		266FA7F61A134A72000C2AAE /* Sources */ = {
			isa = PBXSourcesBuildPhase;
			buildActionMask = 2147483647;
			files = (
				266FA8061A134A72000C2AAE /* mltshop.xcdatamodeld in Sources */,
				266FA8031A134A72000C2AAE /* AppDelegate.m in Sources */,
				266FA8091A134A72000C2AAE /* ViewController.m in Sources */,
				266FA8001A134A72000C2AAE /* main.m in Sources */,
			);
			runOnlyForDeploymentPostprocessing = 0;
		};
		266FA8121A134A72000C2AAE /* Sources */ = {
			isa = PBXSourcesBuildPhase;
			buildActionMask = 2147483647;
			files = (
				266FA81D1A134A72000C2AAE /* mltshopTests.m in Sources */,
			);
			runOnlyForDeploymentPostprocessing = 0;
		};
/* End PBXSourcesBuildPhase section */

/* Begin PBXTargetDependency section */
		266FA8181A134A72000C2AAE /* PBXTargetDependency */ = {
			isa = PBXTargetDependency;
			target = 266FA7F91A134A72000C2AAE /* mltshop */;
			targetProxy = 266FA8171A134A72000C2AAE /* PBXContainerItemProxy */;
		};
/* End PBXTargetDependency section */

/* Begin PBXVariantGroup section */
		266FA80A1A134A72000C2AAE /* Main.storyboard */ = {
			isa = PBXVariantGroup;
			children = (
				266FA80B1A134A72000C2AAE /* Base */,
			);
			name = Main.storyboard;
			sourceTree = "<group>";
		};
		266FA80F1A134A72000C2AAE /* LaunchScreen.xib */ = {
			isa = PBXVariantGroup;
			children = (
				266FA8101A134A72000C2AAE /* Base */,
			);
			name = LaunchScreen.xib;
			sourceTree = "<group>";
		};
/* End PBXVariantGroup section */

/* Begin XCBuildConfiguration section */
		266FA81E1A134A72000C2AAE /* Debug */ = {
			isa = XCBuildConfiguration;
			buildSettings = {
				ALWAYS_SEARCH_USER_PATHS = NO;
				CLANG_CXX_LANGUAGE_STANDARD = "gnu++0x";
				CLANG_CXX_LIBRARY = "libc++";
				CLANG_ENABLE_MODULES = YES;
				CLANG_ENABLE_OBJC_ARC = YES;
				CLANG_WARN_BOOL_CONVERSION = YES;
				CLANG_WARN_CONSTANT_CONVERSION = YES;
				CLANG_WARN_DIRECT_OBJC_ISA_USAGE = YES_ERROR;
				CLANG_WARN_EMPTY_BODY = YES;
				CLANG_WARN_ENUM_CONVERSION = YES;
				CLANG_WARN_INT_CONVERSION = YES;
				CLANG_WARN_OBJC_ROOT_CLASS = YES_ERROR;
				CLANG_WARN_UNREACHABLE_CODE = YES;
				CLANG_WARN__DUPLICATE_METHOD_MATCH = YES;
				"CODE_SIGN_IDENTITY[sdk=iphoneos*]" = "iPhone Developer";
				COPY_PHASE_STRIP = NO;
				ENABLE_STRICT_OBJC_MSGSEND = YES;
				GCC_C_LANGUAGE_STANDARD = gnu99;
				GCC_DYNAMIC_NO_PIC = NO;
				GCC_OPTIMIZATION_LEVEL = 0;
				GCC_PREPROCESSOR_DEFINITIONS = (
					"DEBUG=1",
					"$(inherited)",
				);
				GCC_SYMBOLS_PRIVATE_EXTERN = NO;
				GCC_WARN_64_TO_32_BIT_CONVERSION = YES;
				GCC_WARN_ABOUT_RETURN_TYPE = YES_ERROR;
				GCC_WARN_UNDECLARED_SELECTOR = YES;
				GCC_WARN_UNINITIALIZED_AUTOS = YES_AGGRESSIVE;
				GCC_WARN_UNUSED_FUNCTION = YES;
				GCC_WARN_UNUSED_VARIABLE = YES;
				IPHONEOS_DEPLOYMENT_TARGET = 8.1;
				MTL_ENABLE_DEBUG_INFO = YES;
				ONLY_ACTIVE_ARCH = YES;
				SDKROOT = iphoneos;
			};
			name = Debug;
		};
		266FA81F1A134A72000C2AAE /* Release */ = {
			isa = XCBuildConfiguration;
			buildSettings = {
				ALWAYS_SEARCH_USER_PATHS = NO;
				CLANG_CXX_LANGUAGE_STANDARD = "gnu++0x";
				CLANG_CXX_LIBRARY = "libc++";
				CLANG_ENABLE_MODULES = YES;
				CLANG_ENABLE_OBJC_ARC = YES;
				CLANG_WARN_BOOL_CONVERSION = YES;
				CLANG_WARN_CONSTANT_CONVERSION = YES;
				CLANG_WARN_DIRECT_OBJC_ISA_USAGE = YES_ERROR;
				CLANG_WARN_EMPTY_BODY = YES;
				CLANG_WARN_ENUM_CONVERSION = YES;
				CLANG_WARN_INT_CONVERSION = YES;
				CLANG_WARN_OBJC_ROOT_CLASS = YES_ERROR;
				CLANG_WARN_UNREACHABLE_CODE = YES;
				CLANG_WARN__DUPLICATE_METHOD_MATCH = YES;
				"CODE_SIGN_IDENTITY[sdk=iphoneos*]" = "iPhone Developer";
				COPY_PHASE_STRIP = YES;
				ENABLE_NS_ASSERTIONS = NO;
				ENABLE_STRICT_OBJC_MSGSEND = YES;
				GCC_C_LANGUAGE_STANDARD = gnu99;
				GCC_WARN_64_TO_32_BIT_CONVERSION = YES;
				GCC_WARN_ABOUT_RETURN_TYPE = YES_ERROR;
				GCC_WARN_UNDECLARED_SELECTOR = YES;
				GCC_WARN_UNINITIALIZED_AUTOS = YES_AGGRESSIVE;
				GCC_WARN_UNUSED_FUNCTION = YES;
				GCC_WARN_UNUSED_VARIABLE = YES;
				IPHONEOS_DEPLOYMENT_TARGET = 8.1;
				MTL_ENABLE_DEBUG_INFO = NO;
				SDKROOT = iphoneos;
				VALIDATE_PRODUCT = YES;
			};
			name = Release;
		};
		266FA8211A134A72000C2AAE /* Debug */ = {
			isa = XCBuildConfiguration;
			buildSettings = {
				ASSETCATALOG_COMPILER_APPICON_NAME = AppIcon;
				INFOPLIST_FILE = mltshop/Info.plist;
				LD_RUNPATH_SEARCH_PATHS = "$(inherited) @executable_path/Frameworks";
				PRODUCT_NAME = "$(TARGET_NAME)";
			};
			name = Debug;
		};
		266FA8221A134A72000C2AAE /* Release */ = {
			isa = XCBuildConfiguration;
			buildSettings = {
				ASSETCATALOG_COMPILER_APPICON_NAME = AppIcon;
				INFOPLIST_FILE = mltshop/Info.plist;
				LD_RUNPATH_SEARCH_PATHS = "$(inherited) @executable_path/Frameworks";
				PRODUCT_NAME = "$(TARGET_NAME)";
			};
			name = Release;
		};
		266FA8241A134A72000C2AAE /* Debug */ = {
			isa = XCBuildConfiguration;
			buildSettings = {
				BUNDLE_LOADER = "$(TEST_HOST)";
				FRAMEWORK_SEARCH_PATHS = (
					"$(SDKROOT)/Developer/Library/Frameworks",
					"$(inherited)",
				);
				GCC_PREPROCESSOR_DEFINITIONS = (
					"DEBUG=1",
					"$(inherited)",
				);
				INFOPLIST_FILE = mltshopTests/Info.plist;
				LD_RUNPATH_SEARCH_PATHS = "$(inherited) @executable_path/Frameworks @loader_path/Frameworks";
				PRODUCT_NAME = "$(TARGET_NAME)";
				TEST_HOST = "$(BUILT_PRODUCTS_DIR)/mltshop.app/mltshop";
			};
			name = Debug;
		};
		266FA8251A134A72000C2AAE /* Release */ = {
			isa = XCBuildConfiguration;
			buildSettings = {
				BUNDLE_LOADER = "$(TEST_HOST)";
				FRAMEWORK_SEARCH_PATHS = (
					"$(SDKROOT)/Developer/Library/Frameworks",
					"$(inherited)",
				);
				INFOPLIST_FILE = mltshopTests/Info.plist;
				LD_RUNPATH_SEARCH_PATHS = "$(inherited) @executable_path/Frameworks @loader_path/Frameworks";
				PRODUCT_NAME = "$(TARGET_NAME)";
				TEST_HOST = "$(BUILT_PRODUCTS_DIR)/mltshop.app/mltshop";
			};
			name = Release;
		};
/* End XCBuildConfiguration section */

/* Begin XCConfigurationList section */
		266FA7F51A134A72000C2AAE /* Build configuration list for PBXProject "mltshop" */ = {
			isa = XCConfigurationList;
			buildConfigurations = (
				266FA81E1A134A72000C2AAE /* Debug */,
				266FA81F1A134A72000C2AAE /* Release */,
			);
			defaultConfigurationIsVisible = 0;
			defaultConfigurationName = Release;
		};
		266FA8201A134A72000C2AAE /* Build configuration list for PBXNativeTarget "mltshop" */ = {
			isa = XCConfigurationList;
			buildConfigurations = (
				266FA8211A134A72000C2AAE /* Debug */,
				266FA8221A134A72000C2AAE /* Release */,
			);
			defaultConfigurationIsVisible = 0;
		};
		266FA8231A134A72000C2AAE /* Build configuration list for PBXNativeTarget "mltshopTests" */ = {
			isa = XCConfigurationList;
			buildConfigurations = (
				266FA8241A134A72000C2AAE /* Debug */,
				266FA8251A134A72000C2AAE /* Release */,
			);
			defaultConfigurationIsVisible = 0;
		};
/* End XCConfigurationList section */

/* Begin XCVersionGroup section */
		266FA8041A134A72000C2AAE /* mltshop.xcdatamodeld */ = {
			isa = XCVersionGroup;
			children = (
				266FA8051A134A72000C2AAE /* mltshop.xcdatamodel */,
			);
			currentVersion = 266FA8051A134A72000C2AAE /* mltshop.xcdatamodel */;
			path = mltshop.xcdatamodeld;
			sourceTree = "<group>";
			versionGroupType = wrapper.xcdatamodel;
		};
/* End XCVersionGroup section */
	};
	rootObject = 266FA7F21A134A72000C2AAE /* Project object */;
}
