<?xml version="1.0" encoding="UTF-8"?>
<!DOCTYPE plist PUBLIC "-//Apple//DTD PLIST 1.0//EN" "http://www.apple.com/DTDs/PropertyList-1.0.dtd">
<plist version="1.0">
<dict>
	<key>archiveVersion</key>
	<string>1</string>
	<key>classes</key>
	<dict/>
	<key>objectVersion</key>
	<string>46</string>
	<key>objects</key>
	<dict>
		<key>266FA7F11A134A72000C2AAE</key>
		<dict>
			<key>children</key>
			<array>
				<string>266FA7FC1A134A72000C2AAE</string>
				<string>266FA8191A134A72000C2AAE</string>
				<string>266FA7FB1A134A72000C2AAE</string>
				<string>E781564BAD464C1A94F8A622</string>
				<string>80502A031C766084744D27D2</string>
			</array>
			<key>isa</key>
			<string>PBXGroup</string>
			<key>sourceTree</key>
			<string>&lt;group&gt;</string>
		</dict>
		<key>266FA7F21A134A72000C2AAE</key>
		<dict>
			<key>attributes</key>
			<dict>
				<key>LastUpgradeCheck</key>
				<string>0610</string>
				<key>ORGANIZATIONNAME</key>
				<string>manluotuo</string>
				<key>TargetAttributes</key>
				<dict>
					<key>266FA7F91A134A72000C2AAE</key>
					<dict>
						<key>CreatedOnToolsVersion</key>
						<string>6.1</string>
					</dict>
					<key>266FA8151A134A72000C2AAE</key>
					<dict>
						<key>CreatedOnToolsVersion</key>
						<string>6.1</string>
						<key>TestTargetID</key>
						<string>266FA7F91A134A72000C2AAE</string>
					</dict>
				</dict>
			</dict>
			<key>buildConfigurationList</key>
			<string>266FA7F51A134A72000C2AAE</string>
			<key>compatibilityVersion</key>
			<string>Xcode 3.2</string>
			<key>developmentRegion</key>
			<string>English</string>
			<key>hasScannedForEncodings</key>
			<string>0</string>
			<key>isa</key>
			<string>PBXProject</string>
			<key>knownRegions</key>
			<array>
				<string>en</string>
				<string>Base</string>
			</array>
			<key>mainGroup</key>
			<string>266FA7F11A134A72000C2AAE</string>
			<key>productRefGroup</key>
			<string>266FA7FB1A134A72000C2AAE</string>
			<key>projectDirPath</key>
			<string></string>
			<key>projectReferences</key>
			<array/>
			<key>projectRoot</key>
			<string></string>
			<key>targets</key>
			<array>
				<string>266FA7F91A134A72000C2AAE</string>
				<string>266FA8151A134A72000C2AAE</string>
			</array>
		</dict>
		<key>266FA7F51A134A72000C2AAE</key>
		<dict>
			<key>buildConfigurations</key>
			<array>
				<string>266FA81E1A134A72000C2AAE</string>
				<string>266FA81F1A134A72000C2AAE</string>
			</array>
			<key>defaultConfigurationIsVisible</key>
			<string>0</string>
			<key>defaultConfigurationName</key>
			<string>Release</string>
			<key>isa</key>
			<string>XCConfigurationList</string>
		</dict>
		<key>266FA7F61A134A72000C2AAE</key>
		<dict>
			<key>buildActionMask</key>
			<string>2147483647</string>
			<key>files</key>
			<array>
				<string>26BE3A8E1A170421009F37B4</string>
				<string>26BE3AA71A170421009F37B4</string>
				<string>26BE3AA11A170421009F37B4</string>
				<string>26BE3A9F1A170421009F37B4</string>
				<string>26BE3A8F1A170421009F37B4</string>
				<string>26BE3A941A170421009F37B4</string>
				<string>266FA8031A134A72000C2AAE</string>
				<string>26BE3A931A170421009F37B4</string>
				<string>26BE3AA61A170421009F37B4</string>
				<string>26BE3AA51A170421009F37B4</string>
				<string>26BE3AB01A170486009F37B4</string>
				<string>26BE3A9D1A170421009F37B4</string>
				<string>26BE3A921A170421009F37B4</string>
				<string>26BE3AA81A170421009F37B4</string>
				<string>26BE3A911A170421009F37B4</string>
				<string>26BE3A971A170421009F37B4</string>
				<string>26BE3AA01A170421009F37B4</string>
				<string>26BE3A951A170421009F37B4</string>
				<string>26BE3AAA1A170421009F37B4</string>
				<string>26BE3AAD1A170464009F37B4</string>
				<string>26BE3A9A1A170421009F37B4</string>
				<string>266FA8001A134A72000C2AAE</string>
				<string>26BE3AA21A170421009F37B4</string>
				<string>26BE3A991A170421009F37B4</string>
				<string>26BE3A981A170421009F37B4</string>
				<string>26BE3AA41A170421009F37B4</string>
				<string>26BE3AA31A170421009F37B4</string>
				<string>26BE3A961A170421009F37B4</string>
				<string>26BE3A9E1A170421009F37B4</string>
				<string>26BE3A901A170421009F37B4</string>
				<string>26BE3A9C1A170421009F37B4</string>
			</array>
			<key>isa</key>
			<string>PBXSourcesBuildPhase</string>
			<key>runOnlyForDeploymentPostprocessing</key>
			<string>0</string>
		</dict>
		<key>266FA7F71A134A72000C2AAE</key>
		<dict>
			<key>buildActionMask</key>
			<string>2147483647</string>
			<key>files</key>
			<array>
				<string>C35F25B6A37D4C2BBEA11D50</string>
			</array>
			<key>isa</key>
			<string>PBXFrameworksBuildPhase</string>
			<key>runOnlyForDeploymentPostprocessing</key>
			<string>0</string>
		</dict>
		<key>266FA7F81A134A72000C2AAE</key>
		<dict>
			<key>buildActionMask</key>
			<string>2147483647</string>
			<key>files</key>
			<array>
				<string>26BE3A6F1A170421009F37B4</string>
				<string>26BE3A871A170421009F37B4</string>
				<string>26BE3A6A1A170421009F37B4</string>
				<string>26BE3A621A170421009F37B4</string>
				<string>26BE3A851A170421009F37B4</string>
				<string>26BE3A7C1A170421009F37B4</string>
				<string>26BE3A8D1A170421009F37B4</string>
				<string>26BE3A8C1A170421009F37B4</string>
				<string>26BE3A661A170421009F37B4</string>
				<string>26BE3A791A170421009F37B4</string>
				<string>26BE3A7F1A170421009F37B4</string>
				<string>26BE3A891A170421009F37B4</string>
				<string>26BE3A761A170421009F37B4</string>
				<string>26BE3A781A170421009F37B4</string>
				<string>26BE3A6E1A170421009F37B4</string>
				<string>26BE3A9B1A170421009F37B4</string>
				<string>26BE3A831A170421009F37B4</string>
				<string>26BE3A611A170421009F37B4</string>
				<string>26BE3A7D1A170421009F37B4</string>
				<string>26BE3A7B1A170421009F37B4</string>
				<string>26BE3A811A170421009F37B4</string>
				<string>26BE3A711A170421009F37B4</string>
				<string>26BE3A731A170421009F37B4</string>
				<string>26BE3A7E1A170421009F37B4</string>
				<string>26BE3A701A170421009F37B4</string>
				<string>26BE3A681A170421009F37B4</string>
				<string>26BE3A641A170421009F37B4</string>
				<string>26BE3A6B1A170421009F37B4</string>
				<string>26BE3A6D1A170421009F37B4</string>
				<string>266FA80C1A134A72000C2AAE</string>
				<string>26BE3A821A170421009F37B4</string>
				<string>26BE3A841A170421009F37B4</string>
				<string>26BE3A651A170421009F37B4</string>
				<string>266FA8111A134A72000C2AAE</string>
				<string>26BE3A771A170421009F37B4</string>
				<string>26BE3A6C1A170421009F37B4</string>
				<string>26BE3A861A170421009F37B4</string>
				<string>26BE3A8A1A170421009F37B4</string>
				<string>26BE3A741A170421009F37B4</string>
				<string>26BE3A691A170421009F37B4</string>
				<string>26BE3A8B1A170421009F37B4</string>
				<string>26BE3A671A170421009F37B4</string>
				<string>266FA80E1A134A72000C2AAE</string>
				<string>26BE3A801A170421009F37B4</string>
				<string>26BE3A631A170421009F37B4</string>
				<string>26BE3A881A170421009F37B4</string>
				<string>26BE3A7A1A170421009F37B4</string>
				<string>26BE3A751A170421009F37B4</string>
				<string>26BE3A721A170421009F37B4</string>
			</array>
			<key>isa</key>
			<string>PBXResourcesBuildPhase</string>
			<key>runOnlyForDeploymentPostprocessing</key>
			<string>0</string>
		</dict>
		<key>266FA7F91A134A72000C2AAE</key>
		<dict>
			<key>buildConfigurationList</key>
			<string>266FA8201A134A72000C2AAE</string>
			<key>buildPhases</key>
			<array>
				<string>825EAD0E0C594BCDB26292E9</string>
				<string>266FA7F61A134A72000C2AAE</string>
				<string>266FA7F71A134A72000C2AAE</string>
				<string>266FA7F81A134A72000C2AAE</string>
				<string>4E08A7CE90B041F9938ED6D1</string>
				<string>26A62D3A1A145DC100944151</string>
			</array>
			<key>buildRules</key>
			<array/>
			<key>dependencies</key>
			<array/>
			<key>isa</key>
			<string>PBXNativeTarget</string>
			<key>name</key>
			<string>mltshop</string>
			<key>productName</key>
			<string>mltshop</string>
			<key>productReference</key>
			<string>266FA7FA1A134A72000C2AAE</string>
			<key>productType</key>
			<string>com.apple.product-type.application</string>
		</dict>
		<key>266FA7FA1A134A72000C2AAE</key>
		<dict>
			<key>explicitFileType</key>
			<string>wrapper.application</string>
			<key>includeInIndex</key>
			<string>0</string>
			<key>isa</key>
			<string>PBXFileReference</string>
			<key>path</key>
			<string>mltshop.app</string>
			<key>sourceTree</key>
			<string>BUILT_PRODUCTS_DIR</string>
		</dict>
		<key>266FA7FB1A134A72000C2AAE</key>
		<dict>
			<key>children</key>
			<array>
				<string>266FA7FA1A134A72000C2AAE</string>
				<string>266FA8161A134A72000C2AAE</string>
			</array>
			<key>isa</key>
			<string>PBXGroup</string>
			<key>name</key>
			<string>Products</string>
			<key>sourceTree</key>
			<string>&lt;group&gt;</string>
		</dict>
		<key>266FA7FC1A134A72000C2AAE</key>
		<dict>
			<key>children</key>
			<array>
				<string>26BE39E01A170421009F37B4</string>
				<string>26BE3A141A170421009F37B4</string>
				<string>26BE3A581A170421009F37B4</string>
				<string>26BE3A5D1A170421009F37B4</string>
				<string>266FA8011A134A72000C2AAE</string>
				<string>266FA8021A134A72000C2AAE</string>
				<string>266FA80A1A134A72000C2AAE</string>
				<string>266FA80D1A134A72000C2AAE</string>
				<string>266FA80F1A134A72000C2AAE</string>
				<string>266FA7FD1A134A72000C2AAE</string>
			</array>
			<key>isa</key>
			<string>PBXGroup</string>
			<key>path</key>
			<string>mltshop</string>
			<key>sourceTree</key>
			<string>&lt;group&gt;</string>
		</dict>
		<key>266FA7FD1A134A72000C2AAE</key>
		<dict>
			<key>children</key>
			<array>
				<string>266FA7FE1A134A72000C2AAE</string>
				<string>266FA7FF1A134A72000C2AAE</string>
			</array>
			<key>isa</key>
			<string>PBXGroup</string>
			<key>name</key>
			<string>Supporting Files</string>
			<key>sourceTree</key>
			<string>&lt;group&gt;</string>
		</dict>
		<key>266FA7FE1A134A72000C2AAE</key>
		<dict>
			<key>isa</key>
			<string>PBXFileReference</string>
			<key>lastKnownFileType</key>
			<string>text.plist.xml</string>
			<key>path</key>
			<string>Info.plist</string>
			<key>sourceTree</key>
			<string>&lt;group&gt;</string>
		</dict>
		<key>266FA7FF1A134A72000C2AAE</key>
		<dict>
			<key>isa</key>
			<string>PBXFileReference</string>
			<key>lastKnownFileType</key>
			<string>sourcecode.c.objc</string>
			<key>path</key>
			<string>main.m</string>
			<key>sourceTree</key>
			<string>&lt;group&gt;</string>
		</dict>
		<key>266FA8001A134A72000C2AAE</key>
		<dict>
			<key>fileRef</key>
			<string>266FA7FF1A134A72000C2AAE</string>
			<key>isa</key>
			<string>PBXBuildFile</string>
		</dict>
		<key>266FA8011A134A72000C2AAE</key>
		<dict>
			<key>isa</key>
			<string>PBXFileReference</string>
			<key>lastKnownFileType</key>
			<string>sourcecode.c.h</string>
			<key>path</key>
			<string>AppDelegate.h</string>
			<key>sourceTree</key>
			<string>&lt;group&gt;</string>
		</dict>
		<key>266FA8021A134A72000C2AAE</key>
		<dict>
			<key>isa</key>
			<string>PBXFileReference</string>
			<key>lastKnownFileType</key>
			<string>sourcecode.c.objc</string>
			<key>path</key>
			<string>AppDelegate.m</string>
			<key>sourceTree</key>
			<string>&lt;group&gt;</string>
		</dict>
		<key>266FA8031A134A72000C2AAE</key>
		<dict>
			<key>fileRef</key>
			<string>266FA8021A134A72000C2AAE</string>
			<key>isa</key>
			<string>PBXBuildFile</string>
		</dict>
		<key>266FA80A1A134A72000C2AAE</key>
		<dict>
			<key>children</key>
			<array>
				<string>266FA80B1A134A72000C2AAE</string>
			</array>
			<key>isa</key>
			<string>PBXVariantGroup</string>
			<key>name</key>
			<string>Main.storyboard</string>
			<key>sourceTree</key>
			<string>&lt;group&gt;</string>
		</dict>
		<key>266FA80B1A134A72000C2AAE</key>
		<dict>
			<key>isa</key>
			<string>PBXFileReference</string>
			<key>lastKnownFileType</key>
			<string>file.storyboard</string>
			<key>name</key>
			<string>Base</string>
			<key>path</key>
			<string>Base.lproj/Main.storyboard</string>
			<key>sourceTree</key>
			<string>&lt;group&gt;</string>
		</dict>
		<key>266FA80C1A134A72000C2AAE</key>
		<dict>
			<key>fileRef</key>
			<string>266FA80A1A134A72000C2AAE</string>
			<key>isa</key>
			<string>PBXBuildFile</string>
		</dict>
		<key>266FA80D1A134A72000C2AAE</key>
		<dict>
			<key>isa</key>
			<string>PBXFileReference</string>
			<key>lastKnownFileType</key>
			<string>folder.assetcatalog</string>
			<key>path</key>
			<string>Images.xcassets</string>
			<key>sourceTree</key>
			<string>&lt;group&gt;</string>
		</dict>
		<key>266FA80E1A134A72000C2AAE</key>
		<dict>
			<key>fileRef</key>
			<string>266FA80D1A134A72000C2AAE</string>
			<key>isa</key>
			<string>PBXBuildFile</string>
		</dict>
		<key>266FA80F1A134A72000C2AAE</key>
		<dict>
			<key>children</key>
			<array>
				<string>266FA8101A134A72000C2AAE</string>
			</array>
			<key>isa</key>
			<string>PBXVariantGroup</string>
			<key>name</key>
			<string>LaunchScreen.xib</string>
			<key>sourceTree</key>
			<string>&lt;group&gt;</string>
		</dict>
		<key>266FA8101A134A72000C2AAE</key>
		<dict>
			<key>isa</key>
			<string>PBXFileReference</string>
			<key>lastKnownFileType</key>
			<string>file.xib</string>
			<key>name</key>
			<string>Base</string>
			<key>path</key>
			<string>Base.lproj/LaunchScreen.xib</string>
			<key>sourceTree</key>
			<string>&lt;group&gt;</string>
		</dict>
		<key>266FA8111A134A72000C2AAE</key>
		<dict>
			<key>fileRef</key>
			<string>266FA80F1A134A72000C2AAE</string>
			<key>isa</key>
			<string>PBXBuildFile</string>
		</dict>
		<key>266FA8121A134A72000C2AAE</key>
		<dict>
			<key>buildActionMask</key>
			<string>2147483647</string>
			<key>files</key>
			<array>
				<string>266FA81D1A134A72000C2AAE</string>
			</array>
			<key>isa</key>
			<string>PBXSourcesBuildPhase</string>
			<key>runOnlyForDeploymentPostprocessing</key>
			<string>0</string>
		</dict>
		<key>266FA8131A134A72000C2AAE</key>
		<dict>
			<key>buildActionMask</key>
			<string>2147483647</string>
			<key>files</key>
			<array/>
			<key>isa</key>
			<string>PBXFrameworksBuildPhase</string>
			<key>runOnlyForDeploymentPostprocessing</key>
			<string>0</string>
		</dict>
		<key>266FA8141A134A72000C2AAE</key>
		<dict>
			<key>buildActionMask</key>
			<string>2147483647</string>
			<key>files</key>
			<array/>
			<key>isa</key>
			<string>PBXResourcesBuildPhase</string>
			<key>runOnlyForDeploymentPostprocessing</key>
			<string>0</string>
		</dict>
		<key>266FA8151A134A72000C2AAE</key>
		<dict>
			<key>buildConfigurationList</key>
			<string>266FA8231A134A72000C2AAE</string>
			<key>buildPhases</key>
			<array>
				<string>266FA8121A134A72000C2AAE</string>
				<string>266FA8131A134A72000C2AAE</string>
				<string>266FA8141A134A72000C2AAE</string>
			</array>
			<key>buildRules</key>
			<array/>
			<key>dependencies</key>
			<array>
				<string>266FA8181A134A72000C2AAE</string>
			</array>
			<key>isa</key>
			<string>PBXNativeTarget</string>
			<key>name</key>
			<string>mltshopTests</string>
			<key>productName</key>
			<string>mltshopTests</string>
			<key>productReference</key>
			<string>266FA8161A134A72000C2AAE</string>
			<key>productType</key>
			<string>com.apple.product-type.bundle.unit-test</string>
		</dict>
		<key>266FA8161A134A72000C2AAE</key>
		<dict>
			<key>explicitFileType</key>
			<string>wrapper.cfbundle</string>
			<key>includeInIndex</key>
			<string>0</string>
			<key>isa</key>
			<string>PBXFileReference</string>
			<key>path</key>
			<string>mltshopTests.xctest</string>
			<key>sourceTree</key>
			<string>BUILT_PRODUCTS_DIR</string>
		</dict>
		<key>266FA8171A134A72000C2AAE</key>
		<dict>
			<key>containerPortal</key>
			<string>266FA7F21A134A72000C2AAE</string>
			<key>isa</key>
			<string>PBXContainerItemProxy</string>
			<key>proxyType</key>
			<string>1</string>
			<key>remoteGlobalIDString</key>
			<string>266FA7F91A134A72000C2AAE</string>
			<key>remoteInfo</key>
			<string>mltshop</string>
		</dict>
		<key>266FA8181A134A72000C2AAE</key>
		<dict>
			<key>isa</key>
			<string>PBXTargetDependency</string>
			<key>target</key>
			<string>266FA7F91A134A72000C2AAE</string>
			<key>targetProxy</key>
			<string>266FA8171A134A72000C2AAE</string>
		</dict>
		<key>266FA8191A134A72000C2AAE</key>
		<dict>
			<key>children</key>
			<array>
				<string>266FA81C1A134A72000C2AAE</string>
				<string>266FA81A1A134A72000C2AAE</string>
			</array>
			<key>isa</key>
			<string>PBXGroup</string>
			<key>path</key>
			<string>mltshopTests</string>
			<key>sourceTree</key>
			<string>&lt;group&gt;</string>
		</dict>
		<key>266FA81A1A134A72000C2AAE</key>
		<dict>
			<key>children</key>
			<array>
				<string>266FA81B1A134A72000C2AAE</string>
			</array>
			<key>isa</key>
			<string>PBXGroup</string>
			<key>name</key>
			<string>Supporting Files</string>
			<key>sourceTree</key>
			<string>&lt;group&gt;</string>
		</dict>
		<key>266FA81B1A134A72000C2AAE</key>
		<dict>
			<key>isa</key>
			<string>PBXFileReference</string>
			<key>lastKnownFileType</key>
			<string>text.plist.xml</string>
			<key>path</key>
			<string>Info.plist</string>
			<key>sourceTree</key>
			<string>&lt;group&gt;</string>
		</dict>
		<key>266FA81C1A134A72000C2AAE</key>
		<dict>
			<key>isa</key>
			<string>PBXFileReference</string>
			<key>lastKnownFileType</key>
			<string>sourcecode.c.objc</string>
			<key>path</key>
			<string>mltshopTests.m</string>
			<key>sourceTree</key>
			<string>&lt;group&gt;</string>
		</dict>
		<key>266FA81D1A134A72000C2AAE</key>
		<dict>
			<key>fileRef</key>
			<string>266FA81C1A134A72000C2AAE</string>
			<key>isa</key>
			<string>PBXBuildFile</string>
		</dict>
		<key>266FA81E1A134A72000C2AAE</key>
		<dict>
			<key>buildSettings</key>
			<dict>
				<key>ALWAYS_SEARCH_USER_PATHS</key>
				<string>NO</string>
				<key>CLANG_CXX_LANGUAGE_STANDARD</key>
				<string>gnu++0x</string>
				<key>CLANG_CXX_LIBRARY</key>
				<string>libc++</string>
				<key>CLANG_ENABLE_MODULES</key>
				<string>YES</string>
				<key>CLANG_ENABLE_OBJC_ARC</key>
				<string>YES</string>
				<key>CLANG_WARN_BOOL_CONVERSION</key>
				<string>YES</string>
				<key>CLANG_WARN_CONSTANT_CONVERSION</key>
				<string>YES</string>
				<key>CLANG_WARN_DIRECT_OBJC_ISA_USAGE</key>
				<string>YES_ERROR</string>
				<key>CLANG_WARN_EMPTY_BODY</key>
				<string>YES</string>
				<key>CLANG_WARN_ENUM_CONVERSION</key>
				<string>YES</string>
				<key>CLANG_WARN_INT_CONVERSION</key>
				<string>YES</string>
				<key>CLANG_WARN_OBJC_ROOT_CLASS</key>
				<string>YES_ERROR</string>
				<key>CLANG_WARN_UNREACHABLE_CODE</key>
				<string>YES</string>
				<key>CLANG_WARN__DUPLICATE_METHOD_MATCH</key>
				<string>YES</string>
				<key>CODE_SIGN_IDENTITY[sdk=iphoneos*]</key>
				<string>iPhone Developer</string>
				<key>COPY_PHASE_STRIP</key>
				<string>NO</string>
				<key>ENABLE_STRICT_OBJC_MSGSEND</key>
				<string>YES</string>
				<key>GCC_C_LANGUAGE_STANDARD</key>
				<string>gnu99</string>
				<key>GCC_DYNAMIC_NO_PIC</key>
				<string>NO</string>
				<key>GCC_OPTIMIZATION_LEVEL</key>
				<string>0</string>
				<key>GCC_PREPROCESSOR_DEFINITIONS</key>
				<array>
					<string>DEBUG=1</string>
					<string>$(inherited)</string>
				</array>
				<key>GCC_SYMBOLS_PRIVATE_EXTERN</key>
				<string>NO</string>
				<key>GCC_WARN_64_TO_32_BIT_CONVERSION</key>
				<string>YES</string>
				<key>GCC_WARN_ABOUT_RETURN_TYPE</key>
				<string>YES_ERROR</string>
				<key>GCC_WARN_UNDECLARED_SELECTOR</key>
				<string>YES</string>
				<key>GCC_WARN_UNINITIALIZED_AUTOS</key>
				<string>YES_AGGRESSIVE</string>
				<key>GCC_WARN_UNUSED_FUNCTION</key>
				<string>YES</string>
				<key>GCC_WARN_UNUSED_VARIABLE</key>
				<string>YES</string>
				<key>IPHONEOS_DEPLOYMENT_TARGET</key>
				<string>8.1</string>
				<key>MTL_ENABLE_DEBUG_INFO</key>
				<string>YES</string>
				<key>ONLY_ACTIVE_ARCH</key>
				<string>YES</string>
				<key>SDKROOT</key>
				<string>iphoneos</string>
			</dict>
			<key>isa</key>
			<string>XCBuildConfiguration</string>
			<key>name</key>
			<string>Debug</string>
		</dict>
		<key>266FA81F1A134A72000C2AAE</key>
		<dict>
			<key>buildSettings</key>
			<dict>
				<key>ALWAYS_SEARCH_USER_PATHS</key>
				<string>NO</string>
				<key>CLANG_CXX_LANGUAGE_STANDARD</key>
				<string>gnu++0x</string>
				<key>CLANG_CXX_LIBRARY</key>
				<string>libc++</string>
				<key>CLANG_ENABLE_MODULES</key>
				<string>YES</string>
				<key>CLANG_ENABLE_OBJC_ARC</key>
				<string>YES</string>
				<key>CLANG_WARN_BOOL_CONVERSION</key>
				<string>YES</string>
				<key>CLANG_WARN_CONSTANT_CONVERSION</key>
				<string>YES</string>
				<key>CLANG_WARN_DIRECT_OBJC_ISA_USAGE</key>
				<string>YES_ERROR</string>
				<key>CLANG_WARN_EMPTY_BODY</key>
				<string>YES</string>
				<key>CLANG_WARN_ENUM_CONVERSION</key>
				<string>YES</string>
				<key>CLANG_WARN_INT_CONVERSION</key>
				<string>YES</string>
				<key>CLANG_WARN_OBJC_ROOT_CLASS</key>
				<string>YES_ERROR</string>
				<key>CLANG_WARN_UNREACHABLE_CODE</key>
				<string>YES</string>
				<key>CLANG_WARN__DUPLICATE_METHOD_MATCH</key>
				<string>YES</string>
				<key>CODE_SIGN_IDENTITY[sdk=iphoneos*]</key>
				<string>iPhone Developer</string>
				<key>COPY_PHASE_STRIP</key>
				<string>YES</string>
				<key>ENABLE_NS_ASSERTIONS</key>
				<string>NO</string>
				<key>ENABLE_STRICT_OBJC_MSGSEND</key>
				<string>YES</string>
				<key>GCC_C_LANGUAGE_STANDARD</key>
				<string>gnu99</string>
				<key>GCC_WARN_64_TO_32_BIT_CONVERSION</key>
				<string>YES</string>
				<key>GCC_WARN_ABOUT_RETURN_TYPE</key>
				<string>YES_ERROR</string>
				<key>GCC_WARN_UNDECLARED_SELECTOR</key>
				<string>YES</string>
				<key>GCC_WARN_UNINITIALIZED_AUTOS</key>
				<string>YES_AGGRESSIVE</string>
				<key>GCC_WARN_UNUSED_FUNCTION</key>
				<string>YES</string>
				<key>GCC_WARN_UNUSED_VARIABLE</key>
				<string>YES</string>
				<key>IPHONEOS_DEPLOYMENT_TARGET</key>
				<string>8.1</string>
				<key>MTL_ENABLE_DEBUG_INFO</key>
				<string>NO</string>
				<key>SDKROOT</key>
				<string>iphoneos</string>
				<key>VALIDATE_PRODUCT</key>
				<string>YES</string>
			</dict>
			<key>isa</key>
			<string>XCBuildConfiguration</string>
			<key>name</key>
			<string>Release</string>
		</dict>
		<key>266FA8201A134A72000C2AAE</key>
		<dict>
			<key>buildConfigurations</key>
			<array>
				<string>266FA8211A134A72000C2AAE</string>
				<string>266FA8221A134A72000C2AAE</string>
			</array>
			<key>defaultConfigurationIsVisible</key>
			<string>0</string>
			<key>defaultConfigurationName</key>
			<string>Release</string>
			<key>isa</key>
			<string>XCConfigurationList</string>
		</dict>
		<key>266FA8211A134A72000C2AAE</key>
		<dict>
			<key>baseConfigurationReference</key>
			<string>6F65776EF66E7C56C2777D8A</string>
			<key>buildSettings</key>
			<dict>
				<key>ASSETCATALOG_COMPILER_APPICON_NAME</key>
				<string>AppIcon</string>
				<key>CODE_SIGN_IDENTITY</key>
				<string>iPhone Developer: Qian Meng (ZD2PU3WQP4)</string>
				<key>INFOPLIST_FILE</key>
				<string>mltshop/Info.plist</string>
				<key>IPHONEOS_DEPLOYMENT_TARGET</key>
				<string>7.0</string>
				<key>LD_RUNPATH_SEARCH_PATHS</key>
				<string>$(inherited) @executable_path/Frameworks</string>
				<key>PRODUCT_NAME</key>
				<string>$(TARGET_NAME)</string>
				<key>PROVISIONING_PROFILE</key>
				<string>7f9d29dd-c5e3-477f-8fa3-859a366aeca0</string>
			</dict>
			<key>isa</key>
			<string>XCBuildConfiguration</string>
			<key>name</key>
			<string>Debug</string>
		</dict>
		<key>266FA8221A134A72000C2AAE</key>
		<dict>
			<key>baseConfigurationReference</key>
			<string>4C091F7463655AEB9D9E6215</string>
			<key>buildSettings</key>
			<dict>
				<key>ASSETCATALOG_COMPILER_APPICON_NAME</key>
				<string>AppIcon</string>
				<key>CODE_SIGN_IDENTITY</key>
				<string>iPhone Developer: Qian Meng (ZD2PU3WQP4)</string>
				<key>INFOPLIST_FILE</key>
				<string>mltshop/Info.plist</string>
				<key>IPHONEOS_DEPLOYMENT_TARGET</key>
				<string>7.0</string>
				<key>LD_RUNPATH_SEARCH_PATHS</key>
				<string>$(inherited) @executable_path/Frameworks</string>
				<key>PRODUCT_NAME</key>
				<string>$(TARGET_NAME)</string>
				<key>PROVISIONING_PROFILE</key>
				<string>7f9d29dd-c5e3-477f-8fa3-859a366aeca0</string>
			</dict>
			<key>isa</key>
			<string>XCBuildConfiguration</string>
			<key>name</key>
			<string>Release</string>
		</dict>
		<key>266FA8231A134A72000C2AAE</key>
		<dict>
			<key>buildConfigurations</key>
			<array>
				<string>266FA8241A134A72000C2AAE</string>
				<string>266FA8251A134A72000C2AAE</string>
			</array>
			<key>defaultConfigurationIsVisible</key>
			<string>0</string>
			<key>defaultConfigurationName</key>
			<string>Release</string>
			<key>isa</key>
			<string>XCConfigurationList</string>
		</dict>
		<key>266FA8241A134A72000C2AAE</key>
		<dict>
			<key>buildSettings</key>
			<dict>
				<key>BUNDLE_LOADER</key>
				<string>$(TEST_HOST)</string>
				<key>FRAMEWORK_SEARCH_PATHS</key>
				<array>
					<string>$(SDKROOT)/Developer/Library/Frameworks</string>
					<string>$(inherited)</string>
				</array>
				<key>GCC_PREPROCESSOR_DEFINITIONS</key>
				<array>
					<string>DEBUG=1</string>
					<string>$(inherited)</string>
				</array>
				<key>INFOPLIST_FILE</key>
				<string>mltshopTests/Info.plist</string>
				<key>LD_RUNPATH_SEARCH_PATHS</key>
				<string>$(inherited) @executable_path/Frameworks @loader_path/Frameworks</string>
				<key>PRODUCT_NAME</key>
				<string>$(TARGET_NAME)</string>
				<key>TEST_HOST</key>
				<string>$(BUILT_PRODUCTS_DIR)/mltshop.app/mltshop</string>
			</dict>
			<key>isa</key>
			<string>XCBuildConfiguration</string>
			<key>name</key>
			<string>Debug</string>
		</dict>
		<key>266FA8251A134A72000C2AAE</key>
		<dict>
			<key>buildSettings</key>
			<dict>
				<key>BUNDLE_LOADER</key>
				<string>$(TEST_HOST)</string>
				<key>FRAMEWORK_SEARCH_PATHS</key>
				<array>
					<string>$(SDKROOT)/Developer/Library/Frameworks</string>
					<string>$(inherited)</string>
				</array>
				<key>INFOPLIST_FILE</key>
				<string>mltshopTests/Info.plist</string>
				<key>LD_RUNPATH_SEARCH_PATHS</key>
				<string>$(inherited) @executable_path/Frameworks @loader_path/Frameworks</string>
				<key>PRODUCT_NAME</key>
				<string>$(TARGET_NAME)</string>
				<key>TEST_HOST</key>
				<string>$(BUILT_PRODUCTS_DIR)/mltshop.app/mltshop</string>
			</dict>
			<key>isa</key>
			<string>XCBuildConfiguration</string>
			<key>name</key>
			<string>Release</string>
		</dict>
		<key>26A62D3A1A145DC100944151</key>
		<dict>
			<key>buildActionMask</key>
			<string>2147483647</string>
			<key>files</key>
			<array/>
			<key>inputPaths</key>
			<array/>
			<key>isa</key>
			<string>PBXShellScriptBuildPhase</string>
			<key>outputPaths</key>
			<array/>
			<key>runOnlyForDeploymentPostprocessing</key>
			<string>0</string>
			<key>shellPath</key>
			<string>/bin/sh</string>
			<key>shellScript</key>
			<string>#!/bin/bash
buildNumber=$(/usr/libexec/PlistBuddy -c "Print CFBundleVersion" "$INFOPLIST_FILE")
buildNumber=$(($buildNumber + 1))
/usr/libexec/PlistBuddy -c "Set :CFBundleVersion $buildNumber" "$INFOPLIST_FILE"
</string>
		</dict>
		<key>26BE39E01A170421009F37B4</key>
		<dict>
			<key>children</key>
			<array>
				<string>26BE39E11A170421009F37B4</string>
				<string>26BE39E31A170421009F37B4</string>
				<string>26BE3A111A170421009F37B4</string>
			</array>
			<key>isa</key>
			<string>PBXGroup</string>
			<key>path</key>
			<string>Assets</string>
			<key>sourceTree</key>
			<string>&lt;group&gt;</string>
		</dict>
		<key>26BE39E11A170421009F37B4</key>
		<dict>
			<key>children</key>
			<array>
				<string>26BE39E21A170421009F37B4</string>
			</array>
			<key>isa</key>
			<string>PBXGroup</string>
			<key>path</key>
			<string>Fonts</string>
			<key>sourceTree</key>
			<string>&lt;group&gt;</string>
		</dict>
		<key>26BE39E21A170421009F37B4</key>
		<dict>
			<key>isa</key>
			<string>PBXFileReference</string>
			<key>lastKnownFileType</key>
			<string>file</string>
			<key>path</key>
			<string>Museo500-Regular.otf</string>
			<key>sourceTree</key>
			<string>&lt;group&gt;</string>
		</dict>
		<key>26BE39E31A170421009F37B4</key>
		<dict>
			<key>children</key>
			<array>
				<string>26BE39E41A170421009F37B4</string>
				<string>26BE39F51A170421009F37B4</string>
				<string>26BE3A021A170421009F37B4</string>
			</array>
			<key>isa</key>
			<string>PBXGroup</string>
			<key>path</key>
			<string>Images</string>
			<key>sourceTree</key>
			<string>&lt;group&gt;</string>
		</dict>
		<key>26BE39E41A170421009F37B4</key>
		<dict>
			<key>children</key>
			<array>
				<string>26BE39E51A170421009F37B4</string>
				<string>26BE39E61A170421009F37B4</string>
				<string>26BE39E71A170421009F37B4</string>
				<string>26BE39E81A170421009F37B4</string>
				<string>26BE39E91A170421009F37B4</string>
				<string>26BE39EA1A170421009F37B4</string>
				<string>26BE39EB1A170421009F37B4</string>
				<string>26BE39EC1A170421009F37B4</string>
				<string>26BE39ED1A170421009F37B4</string>
				<string>26BE39EE1A170421009F37B4</string>
				<string>26BE39EF1A170421009F37B4</string>
				<string>26BE39F01A170421009F37B4</string>
				<string>26BE39F11A170421009F37B4</string>
				<string>26BE39F21A170421009F37B4</string>
				<string>26BE39F31A170421009F37B4</string>
				<string>26BE39F41A170421009F37B4</string>
			</array>
			<key>isa</key>
			<string>PBXGroup</string>
			<key>path</key>
			<string>homepage</string>
			<key>sourceTree</key>
			<string>&lt;group&gt;</string>
		</dict>
		<key>26BE39E51A170421009F37B4</key>
		<dict>
			<key>isa</key>
			<string>PBXFileReference</string>
			<key>lastKnownFileType</key>
			<string>image.png</string>
			<key>path</key>
			<string>bg.png</string>
			<key>sourceTree</key>
			<string>&lt;group&gt;</string>
		</dict>
		<key>26BE39E61A170421009F37B4</key>
		<dict>
			<key>isa</key>
			<string>PBXFileReference</string>
			<key>lastKnownFileType</key>
			<string>image.png</string>
			<key>path</key>
			<string>cheliangcaiji_ico.png</string>
			<key>sourceTree</key>
			<string>&lt;group&gt;</string>
		</dict>
		<key>26BE39E71A170421009F37B4</key>
		<dict>
			<key>isa</key>
			<string>PBXFileReference</string>
			<key>lastKnownFileType</key>
			<string>image.png</string>
			<key>path</key>
			<string>cheliangtuiguang_ico.png</string>
			<key>sourceTree</key>
			<string>&lt;group&gt;</string>
		</dict>
		<key>26BE39E81A170421009F37B4</key>
		<dict>
			<key>isa</key>
			<string>PBXFileReference</string>
			<key>lastKnownFileType</key>
			<string>image.png</string>
			<key>path</key>
			<string>daiyunying_ico-04.png</string>
			<key>sourceTree</key>
			<string>&lt;group&gt;</string>
		</dict>
		<key>26BE39E91A170421009F37B4</key>
		<dict>
			<key>isa</key>
			<string>PBXFileReference</string>
			<key>lastKnownFileType</key>
			<string>image.png</string>
			<key>path</key>
			<string>daiyunying_ico.png</string>
			<key>sourceTree</key>
			<string>&lt;group&gt;</string>
		</dict>
		<key>26BE39EA1A170421009F37B4</key>
		<dict>
			<key>isa</key>
			<string>PBXFileReference</string>
			<key>lastKnownFileType</key>
			<string>image.png</string>
			<key>path</key>
			<string>daiyunying_ico_2.png</string>
			<key>sourceTree</key>
			<string>&lt;group&gt;</string>
		</dict>
		<key>26BE39EB1A170421009F37B4</key>
		<dict>
			<key>isa</key>
			<string>PBXFileReference</string>
			<key>lastKnownFileType</key>
			<string>image.png</string>
			<key>path</key>
			<string>gengduo_ico.png</string>
			<key>sourceTree</key>
			<string>&lt;group&gt;</string>
		</dict>
		<key>26BE39EC1A170421009F37B4</key>
		<dict>
			<key>isa</key>
			<string>PBXFileReference</string>
			<key>lastKnownFileType</key>
			<string>image.png</string>
			<key>path</key>
			<string>head_bg.png</string>
			<key>sourceTree</key>
			<string>&lt;group&gt;</string>
		</dict>
		<key>26BE39ED1A170421009F37B4</key>
		<dict>
			<key>isa</key>
			<string>PBXFileReference</string>
			<key>lastKnownFileType</key>
			<string>image.png</string>
			<key>path</key>
			<string>kanchewangcheyuan_ico.png</string>
			<key>sourceTree</key>
			<string>&lt;group&gt;</string>
		</dict>
		<key>26BE39EE1A170421009F37B4</key>
		<dict>
			<key>isa</key>
			<string>PBXFileReference</string>
			<key>lastKnownFileType</key>
			<string>image.png</string>
			<key>path</key>
			<string>kehuguanli_ico.png</string>
			<key>sourceTree</key>
			<string>&lt;group&gt;</string>
		</dict>
		<key>26BE39EF1A170421009F37B4</key>
		<dict>
			<key>isa</key>
			<string>PBXFileReference</string>
			<key>lastKnownFileType</key>
			<string>image.png</string>
			<key>path</key>
			<string>next_btn.png</string>
			<key>sourceTree</key>
			<string>&lt;group&gt;</string>
		</dict>
		<key>26BE39F01A170421009F37B4</key>
		<dict>
			<key>isa</key>
			<string>PBXFileReference</string>
			<key>lastKnownFileType</key>
			<string>image.png</string>
			<key>path</key>
			<string>shouchang_btn.png</string>
			<key>sourceTree</key>
			<string>&lt;group&gt;</string>
		</dict>
		<key>26BE39F11A170421009F37B4</key>
		<dict>
			<key>isa</key>
			<string>PBXFileReference</string>
			<key>lastKnownFileType</key>
			<string>image.png</string>
			<key>path</key>
			<string>shujutongji_ico.png</string>
			<key>sourceTree</key>
			<string>&lt;group&gt;</string>
		</dict>
		<key>26BE39F21A170421009F37B4</key>
		<dict>
			<key>isa</key>
			<string>PBXFileReference</string>
			<key>lastKnownFileType</key>
			<string>image.png</string>
			<key>path</key>
			<string>tixing_ico.png</string>
			<key>sourceTree</key>
			<string>&lt;group&gt;</string>
		</dict>
		<key>26BE39F31A170421009F37B4</key>
		<dict>
			<key>isa</key>
			<string>PBXFileReference</string>
			<key>lastKnownFileType</key>
			<string>image.png</string>
			<key>path</key>
			<string>wodeweidian_ico.png</string>
			<key>sourceTree</key>
			<string>&lt;group&gt;</string>
		</dict>
		<key>26BE39F41A170421009F37B4</key>
		<dict>
			<key>isa</key>
			<string>PBXFileReference</string>
			<key>lastKnownFileType</key>
			<string>image.png</string>
			<key>path</key>
			<string>xiaoxi_btn.png</string>
			<key>sourceTree</key>
			<string>&lt;group&gt;</string>
		</dict>
		<key>26BE39F51A170421009F37B4</key>
		<dict>
			<key>children</key>
			<array>
				<string>26BE39F61A170421009F37B4</string>
				<string>26BE39F71A170421009F37B4</string>
				<string>26BE39F81A170421009F37B4</string>
				<string>26BE39F91A170421009F37B4</string>
				<string>26BE39FA1A170421009F37B4</string>
				<string>26BE39FB1A170421009F37B4</string>
				<string>26BE39FC1A170421009F37B4</string>
				<string>26BE39FD1A170421009F37B4</string>
				<string>26BE39FE1A170421009F37B4</string>
				<string>26BE39FF1A170421009F37B4</string>
				<string>26BE3A001A170421009F37B4</string>
				<string>26BE3A011A170421009F37B4</string>
			</array>
			<key>isa</key>
			<string>PBXGroup</string>
			<key>path</key>
			<string>intro</string>
			<key>sourceTree</key>
			<string>&lt;group&gt;</string>
		</dict>
		<key>26BE39F61A170421009F37B4</key>
		<dict>
			<key>isa</key>
			<string>PBXFileReference</string>
			<key>lastKnownFileType</key>
			<string>image.jpeg</string>
			<key>path</key>
			<string>intro_1_1136@2x.jpg</string>
			<key>sourceTree</key>
			<string>&lt;group&gt;</string>
		</dict>
		<key>26BE39F71A170421009F37B4</key>
		<dict>
			<key>isa</key>
			<string>PBXFileReference</string>
			<key>lastKnownFileType</key>
			<string>image.jpeg</string>
			<key>path</key>
			<string>intro_1_960@2x.jpg</string>
			<key>sourceTree</key>
			<string>&lt;group&gt;</string>
		</dict>
		<key>26BE39F81A170421009F37B4</key>
		<dict>
			<key>isa</key>
			<string>PBXFileReference</string>
			<key>lastKnownFileType</key>
			<string>image.jpeg</string>
			<key>path</key>
			<string>intro_2_1136@2x.jpg</string>
			<key>sourceTree</key>
			<string>&lt;group&gt;</string>
		</dict>
		<key>26BE39F91A170421009F37B4</key>
		<dict>
			<key>isa</key>
			<string>PBXFileReference</string>
			<key>lastKnownFileType</key>
			<string>image.jpeg</string>
			<key>path</key>
			<string>intro_2_960@2x.jpg</string>
			<key>sourceTree</key>
			<string>&lt;group&gt;</string>
		</dict>
		<key>26BE39FA1A170421009F37B4</key>
		<dict>
			<key>isa</key>
			<string>PBXFileReference</string>
			<key>lastKnownFileType</key>
			<string>image.jpeg</string>
			<key>path</key>
			<string>intro_3_1136@2x.jpg</string>
			<key>sourceTree</key>
			<string>&lt;group&gt;</string>
		</dict>
		<key>26BE39FB1A170421009F37B4</key>
		<dict>
			<key>isa</key>
			<string>PBXFileReference</string>
			<key>lastKnownFileType</key>
			<string>image.jpeg</string>
			<key>path</key>
			<string>intro_3_960@2x.jpg</string>
			<key>sourceTree</key>
			<string>&lt;group&gt;</string>
		</dict>
		<key>26BE39FC1A170421009F37B4</key>
		<dict>
			<key>isa</key>
			<string>PBXFileReference</string>
			<key>lastKnownFileType</key>
			<string>image.jpeg</string>
			<key>path</key>
			<string>intro_4_1136@2x.jpg</string>
			<key>sourceTree</key>
			<string>&lt;group&gt;</string>
		</dict>
		<key>26BE39FD1A170421009F37B4</key>
		<dict>
			<key>isa</key>
			<string>PBXFileReference</string>
			<key>lastKnownFileType</key>
			<string>image.jpeg</string>
			<key>path</key>
			<string>intro_4_960@2x.jpg</string>
			<key>sourceTree</key>
			<string>&lt;group&gt;</string>
		</dict>
		<key>26BE39FE1A170421009F37B4</key>
		<dict>
			<key>isa</key>
			<string>PBXFileReference</string>
			<key>lastKnownFileType</key>
			<string>image.jpeg</string>
			<key>path</key>
			<string>intro_5_1136@2x.jpg</string>
			<key>sourceTree</key>
			<string>&lt;group&gt;</string>
		</dict>
		<key>26BE39FF1A170421009F37B4</key>
		<dict>
			<key>isa</key>
			<string>PBXFileReference</string>
			<key>lastKnownFileType</key>
			<string>image.jpeg</string>
			<key>path</key>
			<string>intro_5_960@2x.jpg</string>
			<key>sourceTree</key>
			<string>&lt;group&gt;</string>
		</dict>
		<key>26BE3A001A170421009F37B4</key>
		<dict>
			<key>isa</key>
			<string>PBXFileReference</string>
			<key>lastKnownFileType</key>
			<string>image.jpeg</string>
			<key>path</key>
			<string>intro_6_1136@2x.jpg</string>
			<key>sourceTree</key>
			<string>&lt;group&gt;</string>
		</dict>
		<key>26BE3A011A170421009F37B4</key>
		<dict>
			<key>isa</key>
			<string>PBXFileReference</string>
			<key>lastKnownFileType</key>
			<string>image.jpeg</string>
			<key>path</key>
			<string>intro_6_960@2x.jpg</string>
			<key>sourceTree</key>
			<string>&lt;group&gt;</string>
		</dict>
		<key>26BE3A021A170421009F37B4</key>
		<dict>
			<key>children</key>
			<array>
				<string>26BE3A031A170421009F37B4</string>
				<string>26BE3A041A170421009F37B4</string>
				<string>26BE3A051A170421009F37B4</string>
				<string>26BE3A061A170421009F37B4</string>
				<string>26BE3A071A170421009F37B4</string>
				<string>26BE3A081A170421009F37B4</string>
				<string>26BE3A091A170421009F37B4</string>
				<string>26BE3A0A1A170421009F37B4</string>
				<string>26BE3A0B1A170421009F37B4</string>
				<string>26BE3A0C1A170421009F37B4</string>
				<string>26BE3A0D1A170421009F37B4</string>
				<string>26BE3A0E1A170421009F37B4</string>
				<string>26BE3A0F1A170421009F37B4</string>
				<string>26BE3A101A170421009F37B4</string>
			</array>
			<key>isa</key>
			<string>PBXGroup</string>
			<key>path</key>
			<string>share</string>
			<key>sourceTree</key>
			<string>&lt;group&gt;</string>
		</dict>
		<key>26BE3A031A170421009F37B4</key>
		<dict>
			<key>isa</key>
			<string>PBXFileReference</string>
			<key>lastKnownFileType</key>
			<string>image.png</string>
			<key>path</key>
			<string>email@2x.png</string>
			<key>sourceTree</key>
			<string>&lt;group&gt;</string>
		</dict>
		<key>26BE3A041A170421009F37B4</key>
		<dict>
			<key>isa</key>
			<string>PBXFileReference</string>
			<key>lastKnownFileType</key>
			<string>image.png</string>
			<key>path</key>
			<string>email_share_ico.png</string>
			<key>sourceTree</key>
			<string>&lt;group&gt;</string>
		</dict>
		<key>26BE3A051A170421009F37B4</key>
		<dict>
			<key>isa</key>
			<string>PBXFileReference</string>
			<key>lastKnownFileType</key>
			<string>image.png</string>
			<key>path</key>
			<string>link@2x.png</string>
			<key>sourceTree</key>
			<string>&lt;group&gt;</string>
		</dict>
		<key>26BE3A061A170421009F37B4</key>
		<dict>
			<key>isa</key>
			<string>PBXFileReference</string>
			<key>lastKnownFileType</key>
			<string>image.png</string>
			<key>path</key>
			<string>message_share_ico.png</string>
			<key>sourceTree</key>
			<string>&lt;group&gt;</string>
		</dict>
		<key>26BE3A071A170421009F37B4</key>
		<dict>
			<key>isa</key>
			<string>PBXFileReference</string>
			<key>lastKnownFileType</key>
			<string>image.png</string>
			<key>path</key>
			<string>qq_share_ico.png</string>
			<key>sourceTree</key>
			<string>&lt;group&gt;</string>
		</dict>
		<key>26BE3A081A170421009F37B4</key>
		<dict>
			<key>isa</key>
			<string>PBXFileReference</string>
			<key>lastKnownFileType</key>
			<string>image.png</string>
			<key>path</key>
			<string>qqkongjian_share_ico.png</string>
			<key>sourceTree</key>
			<string>&lt;group&gt;</string>
		</dict>
		<key>26BE3A091A170421009F37B4</key>
		<dict>
			<key>isa</key>
			<string>PBXFileReference</string>
			<key>lastKnownFileType</key>
			<string>image.png</string>
			<key>path</key>
			<string>shoucang_btn.png</string>
			<key>sourceTree</key>
			<string>&lt;group&gt;</string>
		</dict>
		<key>26BE3A0A1A170421009F37B4</key>
		<dict>
			<key>isa</key>
			<string>PBXFileReference</string>
			<key>lastKnownFileType</key>
			<string>image.png</string>
			<key>path</key>
			<string>shoucang_btn_pressed.png</string>
			<key>sourceTree</key>
			<string>&lt;group&gt;</string>
		</dict>
		<key>26BE3A0B1A170421009F37B4</key>
		<dict>
			<key>isa</key>
			<string>PBXFileReference</string>
			<key>lastKnownFileType</key>
			<string>image.png</string>
			<key>path</key>
			<string>sina_share_ico.png</string>
			<key>sourceTree</key>
			<string>&lt;group&gt;</string>
		</dict>
		<key>26BE3A0C1A170421009F37B4</key>
		<dict>
			<key>isa</key>
			<string>PBXFileReference</string>
			<key>lastKnownFileType</key>
			<string>image.png</string>
			<key>path</key>
			<string>weibo@2x.png</string>
			<key>sourceTree</key>
			<string>&lt;group&gt;</string>
		</dict>
		<key>26BE3A0D1A170421009F37B4</key>
		<dict>
			<key>isa</key>
			<string>PBXFileReference</string>
			<key>lastKnownFileType</key>
			<string>image.png</string>
			<key>path</key>
			<string>weixin_share_ico.png</string>
			<key>sourceTree</key>
			<string>&lt;group&gt;</string>
		</dict>
		<key>26BE3A0E1A170421009F37B4</key>
		<dict>
			<key>isa</key>
			<string>PBXFileReference</string>
			<key>lastKnownFileType</key>
			<string>image.png</string>
			<key>path</key>
			<string>weixinpengyou_share_ico.png</string>
			<key>sourceTree</key>
			<string>&lt;group&gt;</string>
		</dict>
		<key>26BE3A0F1A170421009F37B4</key>
		<dict>
			<key>isa</key>
			<string>PBXFileReference</string>
			<key>lastKnownFileType</key>
			<string>image.png</string>
			<key>path</key>
			<string>yixin_share_ico.png</string>
			<key>sourceTree</key>
			<string>&lt;group&gt;</string>
		</dict>
		<key>26BE3A101A170421009F37B4</key>
		<dict>
			<key>isa</key>
			<string>PBXFileReference</string>
			<key>lastKnownFileType</key>
			<string>image.png</string>
			<key>path</key>
			<string>yixinpengyou_share_ico.png</string>
			<key>sourceTree</key>
			<string>&lt;group&gt;</string>
		</dict>
		<key>26BE3A111A170421009F37B4</key>
		<dict>
			<key>children</key>
			<array>
				<string>26BE3A121A170421009F37B4</string>
				<string>26BE3A131A170421009F37B4</string>
			</array>
			<key>isa</key>
			<string>PBXGroup</string>
			<key>path</key>
			<string>Sounds</string>
			<key>sourceTree</key>
			<string>&lt;group&gt;</string>
		</dict>
		<key>26BE3A121A170421009F37B4</key>
		<dict>
			<key>isa</key>
			<string>PBXFileReference</string>
			<key>lastKnownFileType</key>
			<string>file</string>
			<key>path</key>
			<string>ding.caf</string>
			<key>sourceTree</key>
			<string>&lt;group&gt;</string>
		</dict>
		<key>26BE3A131A170421009F37B4</key>
		<dict>
			<key>isa</key>
			<string>PBXFileReference</string>
			<key>lastKnownFileType</key>
			<string>audio.wav</string>
			<key>path</key>
			<string>ding.wav</string>
			<key>sourceTree</key>
			<string>&lt;group&gt;</string>
		</dict>
		<key>26BE3A141A170421009F37B4</key>
		<dict>
			<key>children</key>
			<array>
				<string>26BE3A151A170421009F37B4</string>
				<string>26BE3A2A1A170421009F37B4</string>
				<string>26BE3A2E1A170421009F37B4</string>
				<string>26BE3A381A170421009F37B4</string>
				<string>26BE3A3D1A170421009F37B4</string>
				<string>26BE3A401A170421009F37B4</string>
				<string>26BE3A4F1A170421009F37B4</string>
			</array>
			<key>isa</key>
			<string>PBXGroup</string>
			<key>path</key>
			<string>Frameworks</string>
			<key>sourceTree</key>
			<string>&lt;group&gt;</string>
		</dict>
		<key>26BE3A151A170421009F37B4</key>
		<dict>
			<key>children</key>
			<array>
				<string>26BE3A161A170421009F37B4</string>
				<string>26BE3A171A170421009F37B4</string>
				<string>26BE3A181A170421009F37B4</string>
				<string>26BE3A191A170421009F37B4</string>
				<string>26BE3A1A1A170421009F37B4</string>
				<string>26BE3A1B1A170421009F37B4</string>
				<string>26BE3A1C1A170421009F37B4</string>
				<string>26BE3A1D1A170421009F37B4</string>
				<string>26BE3A1E1A170421009F37B4</string>
				<string>26BE3A1F1A170421009F37B4</string>
				<string>26BE3A201A170421009F37B4</string>
				<string>26BE3A211A170421009F37B4</string>
				<string>26BE3A221A170421009F37B4</string>
				<string>26BE3A231A170421009F37B4</string>
				<string>26BE3A241A170421009F37B4</string>
				<string>26BE3A251A170421009F37B4</string>
				<string>26BE3A261A170421009F37B4</string>
				<string>26BE3A271A170421009F37B4</string>
				<string>26BE3A281A170421009F37B4</string>
				<string>26BE3A291A170421009F37B4</string>
			</array>
			<key>isa</key>
			<string>PBXGroup</string>
			<key>path</key>
			<string>Categories</string>
			<key>sourceTree</key>
			<string>&lt;group&gt;</string>
		</dict>
		<key>26BE3A161A170421009F37B4</key>
		<dict>
			<key>fileEncoding</key>
			<string>4</string>
			<key>isa</key>
			<string>PBXFileReference</string>
			<key>lastKnownFileType</key>
			<string>sourcecode.c.h</string>
			<key>path</key>
			<string>NSData+Conversion.h</string>
			<key>sourceTree</key>
			<string>&lt;group&gt;</string>
		</dict>
		<key>26BE3A171A170421009F37B4</key>
		<dict>
			<key>fileEncoding</key>
			<string>4</string>
			<key>isa</key>
			<string>PBXFileReference</string>
			<key>lastKnownFileType</key>
			<string>sourcecode.c.objc</string>
			<key>path</key>
			<string>NSData+Conversion.m</string>
			<key>sourceTree</key>
			<string>&lt;group&gt;</string>
		</dict>
		<key>26BE3A181A170421009F37B4</key>
		<dict>
			<key>fileEncoding</key>
			<string>4</string>
			<key>isa</key>
			<string>PBXFileReference</string>
			<key>lastKnownFileType</key>
			<string>sourcecode.c.h</string>
			<key>path</key>
			<string>NSDate+timesince.h</string>
			<key>sourceTree</key>
			<string>&lt;group&gt;</string>
		</dict>
		<key>26BE3A191A170421009F37B4</key>
		<dict>
			<key>fileEncoding</key>
			<string>4</string>
			<key>isa</key>
			<string>PBXFileReference</string>
			<key>lastKnownFileType</key>
			<string>sourcecode.c.objc</string>
			<key>path</key>
			<string>NSDate+timesince.m</string>
			<key>sourceTree</key>
			<string>&lt;group&gt;</string>
		</dict>
		<key>26BE3A1A1A170421009F37B4</key>
		<dict>
			<key>fileEncoding</key>
			<string>4</string>
			<key>isa</key>
			<string>PBXFileReference</string>
			<key>lastKnownFileType</key>
			<string>sourcecode.c.h</string>
			<key>path</key>
			<string>NSDate+Utilities.h</string>
			<key>sourceTree</key>
			<string>&lt;group&gt;</string>
		</dict>
		<key>26BE3A1B1A170421009F37B4</key>
		<dict>
			<key>fileEncoding</key>
			<string>4</string>
			<key>isa</key>
			<string>PBXFileReference</string>
			<key>lastKnownFileType</key>
			<string>sourcecode.c.objc</string>
			<key>path</key>
			<string>NSDate+Utilities.m</string>
			<key>sourceTree</key>
			<string>&lt;group&gt;</string>
		</dict>
		<key>26BE3A1C1A170421009F37B4</key>
		<dict>
			<key>fileEncoding</key>
			<string>4</string>
			<key>isa</key>
			<string>PBXFileReference</string>
			<key>lastKnownFileType</key>
			<string>sourcecode.c.h</string>
			<key>path</key>
			<string>NSDate-Utilities.h</string>
			<key>sourceTree</key>
			<string>&lt;group&gt;</string>
		</dict>
		<key>26BE3A1D1A170421009F37B4</key>
		<dict>
			<key>fileEncoding</key>
			<string>4</string>
			<key>isa</key>
			<string>PBXFileReference</string>
			<key>lastKnownFileType</key>
			<string>sourcecode.c.objc</string>
			<key>path</key>
			<string>NSDate-Utilities.m</string>
			<key>sourceTree</key>
			<string>&lt;group&gt;</string>
		</dict>
		<key>26BE3A1E1A170421009F37B4</key>
		<dict>
			<key>fileEncoding</key>
			<string>4</string>
			<key>isa</key>
			<string>PBXFileReference</string>
			<key>lastKnownFileType</key>
			<string>sourcecode.c.h</string>
			<key>path</key>
			<string>NSObject+JSONWriting.h</string>
			<key>sourceTree</key>
			<string>&lt;group&gt;</string>
		</dict>
		<key>26BE3A1F1A170421009F37B4</key>
		<dict>
			<key>fileEncoding</key>
			<string>4</string>
			<key>isa</key>
			<string>PBXFileReference</string>
			<key>lastKnownFileType</key>
			<string>sourcecode.c.objc</string>
			<key>path</key>
			<string>NSObject+JSONWriting.m</string>
			<key>sourceTree</key>
			<string>&lt;group&gt;</string>
		</dict>
		<key>26BE3A201A170421009F37B4</key>
		<dict>
			<key>fileEncoding</key>
			<string>4</string>
			<key>isa</key>
			<string>PBXFileReference</string>
			<key>lastKnownFileType</key>
			<string>sourcecode.c.h</string>
			<key>path</key>
			<string>NSString+Size.h</string>
			<key>sourceTree</key>
			<string>&lt;group&gt;</string>
		</dict>
		<key>26BE3A211A170421009F37B4</key>
		<dict>
			<key>fileEncoding</key>
			<string>4</string>
			<key>isa</key>
			<string>PBXFileReference</string>
			<key>lastKnownFileType</key>
			<string>sourcecode.c.objc</string>
			<key>path</key>
			<string>NSString+Size.m</string>
			<key>sourceTree</key>
			<string>&lt;group&gt;</string>
		</dict>
		<key>26BE3A221A170421009F37B4</key>
		<dict>
			<key>fileEncoding</key>
			<string>4</string>
			<key>isa</key>
			<string>PBXFileReference</string>
			<key>lastKnownFileType</key>
			<string>sourcecode.c.h</string>
			<key>path</key>
			<string>SoundEffect.h</string>
			<key>sourceTree</key>
			<string>&lt;group&gt;</string>
		</dict>
		<key>26BE3A231A170421009F37B4</key>
		<dict>
			<key>fileEncoding</key>
			<string>4</string>
			<key>isa</key>
			<string>PBXFileReference</string>
			<key>lastKnownFileType</key>
			<string>sourcecode.c.objc</string>
			<key>path</key>
			<string>SoundEffect.m</string>
			<key>sourceTree</key>
			<string>&lt;group&gt;</string>
		</dict>
		<key>26BE3A241A170421009F37B4</key>
		<dict>
			<key>fileEncoding</key>
			<string>4</string>
			<key>isa</key>
			<string>PBXFileReference</string>
			<key>lastKnownFileType</key>
			<string>sourcecode.c.h</string>
			<key>path</key>
			<string>UIImage+ProportionalFill.h</string>
			<key>sourceTree</key>
			<string>&lt;group&gt;</string>
		</dict>
		<key>26BE3A251A170421009F37B4</key>
		<dict>
			<key>fileEncoding</key>
			<string>4</string>
			<key>isa</key>
			<string>PBXFileReference</string>
			<key>lastKnownFileType</key>
			<string>sourcecode.c.objc</string>
			<key>path</key>
			<string>UIImage+ProportionalFill.m</string>
			<key>sourceTree</key>
			<string>&lt;group&gt;</string>
		</dict>
		<key>26BE3A261A170421009F37B4</key>
		<dict>
			<key>fileEncoding</key>
			<string>4</string>
			<key>isa</key>
			<string>PBXFileReference</string>
			<key>lastKnownFileType</key>
			<string>sourcecode.c.h</string>
			<key>path</key>
			<string>UIView+frameAdjust.h</string>
			<key>sourceTree</key>
			<string>&lt;group&gt;</string>
		</dict>
		<key>26BE3A271A170421009F37B4</key>
		<dict>
			<key>fileEncoding</key>
			<string>4</string>
			<key>isa</key>
			<string>PBXFileReference</string>
			<key>lastKnownFileType</key>
			<string>sourcecode.c.objc</string>
			<key>path</key>
			<string>UIView+frameAdjust.m</string>
			<key>sourceTree</key>
			<string>&lt;group&gt;</string>
		</dict>
		<key>26BE3A281A170421009F37B4</key>
		<dict>
			<key>fileEncoding</key>
			<string>4</string>
			<key>isa</key>
			<string>PBXFileReference</string>
			<key>lastKnownFileType</key>
			<string>sourcecode.c.h</string>
			<key>path</key>
			<string>UIViewController+ImageBackButton.h</string>
			<key>sourceTree</key>
			<string>&lt;group&gt;</string>
		</dict>
		<key>26BE3A291A170421009F37B4</key>
		<dict>
			<key>fileEncoding</key>
			<string>4</string>
			<key>isa</key>
			<string>PBXFileReference</string>
			<key>lastKnownFileType</key>
			<string>sourcecode.c.objc</string>
			<key>path</key>
			<string>UIViewController+ImageBackButton.m</string>
			<key>sourceTree</key>
			<string>&lt;group&gt;</string>
		</dict>
		<key>26BE3A2A1A170421009F37B4</key>
		<dict>
			<key>children</key>
			<array>
				<string>26BE3A2B1A170421009F37B4</string>
				<string>26BE3A2C1A170421009F37B4</string>
				<string>26BE3A2D1A170421009F37B4</string>
			</array>
			<key>isa</key>
			<string>PBXGroup</string>
			<key>path</key>
			<string>Delegate</string>
			<key>sourceTree</key>
			<string>&lt;group&gt;</string>
		</dict>
		<key>26BE3A2B1A170421009F37B4</key>
		<dict>
			<key>fileEncoding</key>
			<string>4</string>
			<key>isa</key>
			<string>PBXFileReference</string>
			<key>lastKnownFileType</key>
			<string>sourcecode.c.h</string>
			<key>path</key>
			<string>PassValueDelegate.h</string>
			<key>sourceTree</key>
			<string>&lt;group&gt;</string>
		</dict>
		<key>26BE3A2C1A170421009F37B4</key>
		<dict>
			<key>fileEncoding</key>
			<string>4</string>
			<key>isa</key>
			<string>PBXFileReference</string>
			<key>lastKnownFileType</key>
			<string>sourcecode.c.h</string>
			<key>path</key>
			<string>PullListViewDelegate.h</string>
			<key>sourceTree</key>
			<string>&lt;group&gt;</string>
		</dict>
		<key>26BE3A2D1A170421009F37B4</key>
		<dict>
			<key>fileEncoding</key>
			<string>4</string>
			<key>isa</key>
			<string>PBXFileReference</string>
			<key>lastKnownFileType</key>
			<string>sourcecode.c.h</string>
			<key>path</key>
			<string>TabbarDelegate.h</string>
			<key>sourceTree</key>
			<string>&lt;group&gt;</string>
		</dict>
		<key>26BE3A2E1A170421009F37B4</key>
		<dict>
			<key>children</key>
			<array>
				<string>26BE3A2F1A170421009F37B4</string>
				<string>26BE3A301A170421009F37B4</string>
				<string>26BE3A311A170421009F37B4</string>
				<string>26BE3A321A170421009F37B4</string>
				<string>26BE3A331A170421009F37B4</string>
				<string>26BE3A341A170421009F37B4</string>
				<string>26BE3A361A170421009F37B4</string>
				<string>26BE3A371A170421009F37B4</string>
			</array>
			<key>isa</key>
			<string>PBXGroup</string>
			<key>path</key>
			<string>FontAwesone+iOS</string>
			<key>sourceTree</key>
			<string>&lt;group&gt;</string>
		</dict>
		<key>26BE3A2F1A170421009F37B4</key>
		<dict>
			<key>fileEncoding</key>
			<string>4</string>
			<key>isa</key>
			<string>PBXFileReference</string>
			<key>lastKnownFileType</key>
			<string>sourcecode.c.h</string>
			<key>path</key>
			<string>FAImageView.h</string>
			<key>sourceTree</key>
			<string>&lt;group&gt;</string>
		</dict>
		<key>26BE3A301A170421009F37B4</key>
		<dict>
			<key>fileEncoding</key>
			<string>4</string>
			<key>isa</key>
			<string>PBXFileReference</string>
			<key>lastKnownFileType</key>
			<string>sourcecode.c.objc</string>
			<key>path</key>
			<string>FAImageView.m</string>
			<key>sourceTree</key>
			<string>&lt;group&gt;</string>
		</dict>
		<key>26BE3A311A170421009F37B4</key>
		<dict>
			<key>fileEncoding</key>
			<string>4</string>
			<key>isa</key>
			<string>PBXFileReference</string>
			<key>lastKnownFileType</key>
			<string>sourcecode.c.h</string>
			<key>path</key>
			<string>NSString+FontAwesome.h</string>
			<key>sourceTree</key>
			<string>&lt;group&gt;</string>
		</dict>
		<key>26BE3A321A170421009F37B4</key>
		<dict>
			<key>fileEncoding</key>
			<string>4</string>
			<key>isa</key>
			<string>PBXFileReference</string>
			<key>lastKnownFileType</key>
			<string>sourcecode.c.objc</string>
			<key>path</key>
			<string>NSString+FontAwesome.m</string>
			<key>sourceTree</key>
			<string>&lt;group&gt;</string>
		</dict>
		<key>26BE3A331A170421009F37B4</key>
		<dict>
			<key>fileEncoding</key>
			<string>4</string>
			<key>isa</key>
			<string>PBXFileReference</string>
			<key>lastKnownFileType</key>
			<string>net.daringfireball.markdown</string>
			<key>path</key>
			<string>README.md</string>
			<key>sourceTree</key>
			<string>&lt;group&gt;</string>
		</dict>
		<key>26BE3A341A170421009F37B4</key>
		<dict>
			<key>children</key>
			<array>
				<string>26BE3A351A170421009F37B4</string>
			</array>
			<key>isa</key>
			<string>PBXGroup</string>
			<key>path</key>
			<string>Resources</string>
			<key>sourceTree</key>
			<string>&lt;group&gt;</string>
		</dict>
		<key>26BE3A351A170421009F37B4</key>
		<dict>
			<key>isa</key>
			<string>PBXFileReference</string>
			<key>lastKnownFileType</key>
			<string>file</string>
			<key>path</key>
			<string>FontAwesome.ttf</string>
			<key>sourceTree</key>
			<string>&lt;group&gt;</string>
		</dict>
		<key>26BE3A361A170421009F37B4</key>
		<dict>
			<key>fileEncoding</key>
			<string>4</string>
			<key>isa</key>
			<string>PBXFileReference</string>
			<key>lastKnownFileType</key>
			<string>sourcecode.c.h</string>
			<key>path</key>
			<string>UIFont+FontAwesome.h</string>
			<key>sourceTree</key>
			<string>&lt;group&gt;</string>
		</dict>
		<key>26BE3A371A170421009F37B4</key>
		<dict>
			<key>fileEncoding</key>
			<string>4</string>
			<key>isa</key>
			<string>PBXFileReference</string>
			<key>lastKnownFileType</key>
			<string>sourcecode.c.objc</string>
			<key>path</key>
			<string>UIFont+FontAwesome.m</string>
			<key>sourceTree</key>
			<string>&lt;group&gt;</string>
		</dict>
		<key>26BE3A381A170421009F37B4</key>
		<dict>
			<key>children</key>
			<array>
				<string>26BE3A391A170421009F37B4</string>
				<string>26BE3A3A1A170421009F37B4</string>
				<string>26BE3A3B1A170421009F37B4</string>
				<string>26BE3A3C1A170421009F37B4</string>
			</array>
			<key>isa</key>
			<string>PBXGroup</string>
			<key>path</key>
			<string>GCPagedScrollView</string>
			<key>sourceTree</key>
			<string>&lt;group&gt;</string>
		</dict>
		<key>26BE3A391A170421009F37B4</key>
		<dict>
			<key>fileEncoding</key>
			<string>4</string>
			<key>isa</key>
			<string>PBXFileReference</string>
			<key>lastKnownFileType</key>
			<string>sourcecode.c.h</string>
			<key>path</key>
			<string>GCPagedScrollView.h</string>
			<key>sourceTree</key>
			<string>&lt;group&gt;</string>
		</dict>
		<key>26BE3A3A1A170421009F37B4</key>
		<dict>
			<key>fileEncoding</key>
			<string>4</string>
			<key>isa</key>
			<string>PBXFileReference</string>
			<key>lastKnownFileType</key>
			<string>sourcecode.c.objc</string>
			<key>path</key>
			<string>GCPagedScrollView.m</string>
			<key>sourceTree</key>
			<string>&lt;group&gt;</string>
		</dict>
		<key>26BE3A3B1A170421009F37B4</key>
		<dict>
			<key>fileEncoding</key>
			<string>4</string>
			<key>isa</key>
			<string>PBXFileReference</string>
			<key>lastKnownFileType</key>
			<string>sourcecode.c.h</string>
			<key>path</key>
			<string>ScrollCellUIView.h</string>
			<key>sourceTree</key>
			<string>&lt;group&gt;</string>
		</dict>
		<key>26BE3A3C1A170421009F37B4</key>
		<dict>
			<key>fileEncoding</key>
			<string>4</string>
			<key>isa</key>
			<string>PBXFileReference</string>
			<key>lastKnownFileType</key>
			<string>sourcecode.c.objc</string>
			<key>path</key>
			<string>ScrollCellUIView.m</string>
			<key>sourceTree</key>
			<string>&lt;group&gt;</string>
		</dict>
		<key>26BE3A3D1A170421009F37B4</key>
		<dict>
			<key>children</key>
			<array>
				<string>26BE3A3E1A170421009F37B4</string>
				<string>26BE3A3F1A170421009F37B4</string>
			</array>
			<key>isa</key>
			<string>PBXGroup</string>
			<key>path</key>
			<string>ICViewPager</string>
			<key>sourceTree</key>
			<string>&lt;group&gt;</string>
		</dict>
		<key>26BE3A3E1A170421009F37B4</key>
		<dict>
			<key>fileEncoding</key>
			<string>4</string>
			<key>isa</key>
			<string>PBXFileReference</string>
			<key>lastKnownFileType</key>
			<string>sourcecode.c.h</string>
			<key>path</key>
			<string>ViewPagerController.h</string>
			<key>sourceTree</key>
			<string>&lt;group&gt;</string>
		</dict>
		<key>26BE3A3F1A170421009F37B4</key>
		<dict>
			<key>fileEncoding</key>
			<string>4</string>
			<key>isa</key>
			<string>PBXFileReference</string>
			<key>lastKnownFileType</key>
			<string>sourcecode.c.objc</string>
			<key>path</key>
			<string>ViewPagerController.m</string>
			<key>sourceTree</key>
			<string>&lt;group&gt;</string>
		</dict>
		<key>26BE3A401A170421009F37B4</key>
		<dict>
			<key>children</key>
			<array>
				<string>26BE3A411A170421009F37B4</string>
				<string>26BE3A421A170421009F37B4</string>
				<string>26BE3A431A170421009F37B4</string>
				<string>26BE3A441A170421009F37B4</string>
				<string>26BE3A451A170421009F37B4</string>
				<string>26BE3A461A170421009F37B4</string>
				<string>26BE3A471A170421009F37B4</string>
				<string>26BE3A481A170421009F37B4</string>
				<string>26BE3A491A170421009F37B4</string>
				<string>26BE3A4A1A170421009F37B4</string>
				<string>26BE3A4B1A170421009F37B4</string>
				<string>26BE3A4C1A170421009F37B4</string>
				<string>26BE3A4D1A170421009F37B4</string>
				<string>26BE3A4E1A170421009F37B4</string>
			</array>
			<key>isa</key>
			<string>PBXGroup</string>
			<key>path</key>
			<string>SGActionView</string>
			<key>sourceTree</key>
			<string>&lt;group&gt;</string>
		</dict>
		<key>26BE3A411A170421009F37B4</key>
		<dict>
			<key>fileEncoding</key>
			<string>4</string>
			<key>isa</key>
			<string>PBXFileReference</string>
			<key>lastKnownFileType</key>
			<string>sourcecode.c.h</string>
			<key>path</key>
			<string>SGActionView.h</string>
			<key>sourceTree</key>
			<string>&lt;group&gt;</string>
		</dict>
		<key>26BE3A421A170421009F37B4</key>
		<dict>
			<key>fileEncoding</key>
			<string>4</string>
			<key>isa</key>
			<string>PBXFileReference</string>
			<key>lastKnownFileType</key>
			<string>sourcecode.c.objc</string>
			<key>path</key>
			<string>SGActionView.m</string>
			<key>sourceTree</key>
			<string>&lt;group&gt;</string>
		</dict>
		<key>26BE3A431A170421009F37B4</key>
		<dict>
			<key>fileEncoding</key>
			<string>4</string>
			<key>isa</key>
			<string>PBXFileReference</string>
			<key>lastKnownFileType</key>
			<string>sourcecode.c.h</string>
			<key>path</key>
			<string>SGAlertMenu.h</string>
			<key>sourceTree</key>
			<string>&lt;group&gt;</string>
		</dict>
		<key>26BE3A441A170421009F37B4</key>
		<dict>
			<key>fileEncoding</key>
			<string>4</string>
			<key>isa</key>
			<string>PBXFileReference</string>
			<key>lastKnownFileType</key>
			<string>sourcecode.c.objc</string>
			<key>path</key>
			<string>SGAlertMenu.m</string>
			<key>sourceTree</key>
			<string>&lt;group&gt;</string>
		</dict>
		<key>26BE3A451A170421009F37B4</key>
		<dict>
			<key>fileEncoding</key>
			<string>4</string>
			<key>isa</key>
			<string>PBXFileReference</string>
			<key>lastKnownFileType</key>
			<string>sourcecode.c.h</string>
			<key>path</key>
			<string>SGBaseMenu.h</string>
			<key>sourceTree</key>
			<string>&lt;group&gt;</string>
		</dict>
		<key>26BE3A461A170421009F37B4</key>
		<dict>
			<key>fileEncoding</key>
			<string>4</string>
			<key>isa</key>
			<string>PBXFileReference</string>
			<key>lastKnownFileType</key>
			<string>sourcecode.c.objc</string>
			<key>path</key>
			<string>SGBaseMenu.m</string>
			<key>sourceTree</key>
			<string>&lt;group&gt;</string>
		</dict>
		<key>26BE3A471A170421009F37B4</key>
		<dict>
			<key>fileEncoding</key>
			<string>4</string>
			<key>isa</key>
			<string>PBXFileReference</string>
			<key>lastKnownFileType</key>
			<string>sourcecode.c.h</string>
			<key>path</key>
			<string>SGGridMenu.h</string>
			<key>sourceTree</key>
			<string>&lt;group&gt;</string>
		</dict>
		<key>26BE3A481A170421009F37B4</key>
		<dict>
			<key>fileEncoding</key>
			<string>4</string>
			<key>isa</key>
			<string>PBXFileReference</string>
			<key>lastKnownFileType</key>
			<string>sourcecode.c.objc</string>
			<key>path</key>
			<string>SGGridMenu.m</string>
			<key>sourceTree</key>
			<string>&lt;group&gt;</string>
		</dict>
		<key>26BE3A491A170421009F37B4</key>
		<dict>
			<key>fileEncoding</key>
			<string>4</string>
			<key>isa</key>
			<string>PBXFileReference</string>
			<key>lastKnownFileType</key>
			<string>sourcecode.c.h</string>
			<key>path</key>
			<string>SGMultiMenu.h</string>
			<key>sourceTree</key>
			<string>&lt;group&gt;</string>
		</dict>
		<key>26BE3A4A1A170421009F37B4</key>
		<dict>
			<key>fileEncoding</key>
			<string>4</string>
			<key>isa</key>
			<string>PBXFileReference</string>
			<key>lastKnownFileType</key>
			<string>sourcecode.c.objc</string>
			<key>path</key>
			<string>SGMultiMenu.m</string>
			<key>sourceTree</key>
			<string>&lt;group&gt;</string>
		</dict>
		<key>26BE3A4B1A170421009F37B4</key>
		<dict>
			<key>fileEncoding</key>
			<string>4</string>
			<key>isa</key>
			<string>PBXFileReference</string>
			<key>lastKnownFileType</key>
			<string>sourcecode.c.h</string>
			<key>path</key>
			<string>SGPickerMenu.h</string>
			<key>sourceTree</key>
			<string>&lt;group&gt;</string>
		</dict>
		<key>26BE3A4C1A170421009F37B4</key>
		<dict>
			<key>fileEncoding</key>
			<string>4</string>
			<key>isa</key>
			<string>PBXFileReference</string>
			<key>lastKnownFileType</key>
			<string>sourcecode.c.objc</string>
			<key>path</key>
			<string>SGPickerMenu.m</string>
			<key>sourceTree</key>
			<string>&lt;group&gt;</string>
		</dict>
		<key>26BE3A4D1A170421009F37B4</key>
		<dict>
			<key>fileEncoding</key>
			<string>4</string>
			<key>isa</key>
			<string>PBXFileReference</string>
			<key>lastKnownFileType</key>
			<string>sourcecode.c.h</string>
			<key>path</key>
			<string>SGSheetMenu.h</string>
			<key>sourceTree</key>
			<string>&lt;group&gt;</string>
		</dict>
		<key>26BE3A4E1A170421009F37B4</key>
		<dict>
			<key>fileEncoding</key>
			<string>4</string>
			<key>isa</key>
			<string>PBXFileReference</string>
			<key>lastKnownFileType</key>
			<string>sourcecode.c.objc</string>
			<key>path</key>
			<string>SGSheetMenu.m</string>
			<key>sourceTree</key>
			<string>&lt;group&gt;</string>
		</dict>
		<key>26BE3A4F1A170421009F37B4</key>
		<dict>
			<key>children</key>
			<array>
				<string>26BE3A501A170421009F37B4</string>
				<string>26BE3A511A170421009F37B4</string>
				<string>26BE3A521A170421009F37B4</string>
				<string>26BE3A531A170421009F37B4</string>
				<string>26BE3A541A170421009F37B4</string>
			</array>
			<key>isa</key>
			<string>PBXGroup</string>
			<key>path</key>
			<string>SVPullToRefresh</string>
			<key>sourceTree</key>
			<string>&lt;group&gt;</string>
		</dict>
		<key>26BE3A501A170421009F37B4</key>
		<dict>
			<key>fileEncoding</key>
			<string>4</string>
			<key>isa</key>
			<string>PBXFileReference</string>
			<key>lastKnownFileType</key>
			<string>sourcecode.c.h</string>
			<key>path</key>
			<string>SVPullToRefresh.h</string>
			<key>sourceTree</key>
			<string>&lt;group&gt;</string>
		</dict>
		<key>26BE3A511A170421009F37B4</key>
		<dict>
			<key>fileEncoding</key>
			<string>4</string>
			<key>isa</key>
			<string>PBXFileReference</string>
			<key>lastKnownFileType</key>
			<string>sourcecode.c.h</string>
			<key>path</key>
			<string>UIScrollView+SVInfiniteScrolling.h</string>
			<key>sourceTree</key>
			<string>&lt;group&gt;</string>
		</dict>
		<key>26BE3A521A170421009F37B4</key>
		<dict>
			<key>fileEncoding</key>
			<string>4</string>
			<key>isa</key>
			<string>PBXFileReference</string>
			<key>lastKnownFileType</key>
			<string>sourcecode.c.objc</string>
			<key>path</key>
			<string>UIScrollView+SVInfiniteScrolling.m</string>
			<key>sourceTree</key>
			<string>&lt;group&gt;</string>
		</dict>
		<key>26BE3A531A170421009F37B4</key>
		<dict>
			<key>fileEncoding</key>
			<string>4</string>
			<key>isa</key>
			<string>PBXFileReference</string>
			<key>lastKnownFileType</key>
			<string>sourcecode.c.h</string>
			<key>path</key>
			<string>UIScrollView+SVPullToRefresh.h</string>
			<key>sourceTree</key>
			<string>&lt;group&gt;</string>
		</dict>
		<key>26BE3A541A170421009F37B4</key>
		<dict>
			<key>fileEncoding</key>
			<string>4</string>
			<key>isa</key>
			<string>PBXFileReference</string>
			<key>lastKnownFileType</key>
			<string>sourcecode.c.objc</string>
			<key>path</key>
			<string>UIScrollView+SVPullToRefresh.m</string>
			<key>sourceTree</key>
			<string>&lt;group&gt;</string>
		</dict>
		<key>26BE3A581A170421009F37B4</key>
		<dict>
			<key>children</key>
			<array>
				<string>26BE3A591A170421009F37B4</string>
				<string>26BE3A5A1A170421009F37B4</string>
			</array>
			<key>isa</key>
			<string>PBXGroup</string>
			<key>path</key>
			<string>Logic</string>
			<key>sourceTree</key>
			<string>&lt;group&gt;</string>
		</dict>
		<key>26BE3A591A170421009F37B4</key>
		<dict>
			<key>children</key>
			<array>
				<string>26BE3AAB1A170464009F37B4</string>
			</array>
			<key>isa</key>
			<string>PBXGroup</string>
			<key>path</key>
			<string>Models</string>
			<key>sourceTree</key>
			<string>&lt;group&gt;</string>
		</dict>
		<key>26BE3A5A1A170421009F37B4</key>
		<dict>
			<key>children</key>
			<array>
				<string>26BE3A5B1A170421009F37B4</string>
				<string>26BE3A5C1A170421009F37B4</string>
			</array>
			<key>isa</key>
			<string>PBXGroup</string>
			<key>path</key>
			<string>Network</string>
			<key>sourceTree</key>
			<string>&lt;group&gt;</string>
		</dict>
		<key>26BE3A5B1A170421009F37B4</key>
		<dict>
			<key>fileEncoding</key>
			<string>4</string>
			<key>isa</key>
			<string>PBXFileReference</string>
			<key>lastKnownFileType</key>
			<string>sourcecode.c.h</string>
			<key>path</key>
			<string>AppRequestManager.h</string>
			<key>sourceTree</key>
			<string>&lt;group&gt;</string>
		</dict>
		<key>26BE3A5C1A170421009F37B4</key>
		<dict>
			<key>fileEncoding</key>
			<string>4</string>
			<key>isa</key>
			<string>PBXFileReference</string>
			<key>lastKnownFileType</key>
			<string>sourcecode.c.objc</string>
			<key>path</key>
			<string>AppRequestManager.m</string>
			<key>sourceTree</key>
			<string>&lt;group&gt;</string>
		</dict>
		<key>26BE3A5D1A170421009F37B4</key>
		<dict>
			<key>children</key>
			<array>
				<string>26BE3A5E1A170421009F37B4</string>
				<string>26BE3A5F1A170421009F37B4</string>
				<string>26BE3A601A170421009F37B4</string>
			</array>
			<key>isa</key>
			<string>PBXGroup</string>
			<key>path</key>
			<string>Presentation</string>
			<key>sourceTree</key>
			<string>&lt;group&gt;</string>
		</dict>
		<key>26BE3A5E1A170421009F37B4</key>
		<dict>
			<key>children</key>
			<array/>
			<key>isa</key>
			<string>PBXGroup</string>
			<key>path</key>
			<string>TableViewCells</string>
			<key>sourceTree</key>
			<string>&lt;group&gt;</string>
		</dict>
		<key>26BE3A5F1A170421009F37B4</key>
		<dict>
			<key>children</key>
			<array>
				<string>26BE3AAE1A170486009F37B4</string>
				<string>26BE3AAF1A170486009F37B4</string>
			</array>
			<key>isa</key>
			<string>PBXGroup</string>
			<key>path</key>
			<string>ViewControllers</string>
			<key>sourceTree</key>
			<string>&lt;group&gt;</string>
		</dict>
		<key>26BE3A601A170421009F37B4</key>
		<dict>
			<key>children</key>
			<array/>
			<key>isa</key>
			<string>PBXGroup</string>
			<key>path</key>
			<string>Views</string>
			<key>sourceTree</key>
			<string>&lt;group&gt;</string>
		</dict>
		<key>26BE3A611A170421009F37B4</key>
		<dict>
			<key>fileRef</key>
			<string>26BE39E21A170421009F37B4</string>
			<key>isa</key>
			<string>PBXBuildFile</string>
		</dict>
		<key>26BE3A621A170421009F37B4</key>
		<dict>
			<key>fileRef</key>
			<string>26BE39E51A170421009F37B4</string>
			<key>isa</key>
			<string>PBXBuildFile</string>
		</dict>
		<key>26BE3A631A170421009F37B4</key>
		<dict>
			<key>fileRef</key>
			<string>26BE39E61A170421009F37B4</string>
			<key>isa</key>
			<string>PBXBuildFile</string>
		</dict>
		<key>26BE3A641A170421009F37B4</key>
		<dict>
			<key>fileRef</key>
			<string>26BE39E71A170421009F37B4</string>
			<key>isa</key>
			<string>PBXBuildFile</string>
		</dict>
		<key>26BE3A651A170421009F37B4</key>
		<dict>
			<key>fileRef</key>
			<string>26BE39E81A170421009F37B4</string>
			<key>isa</key>
			<string>PBXBuildFile</string>
		</dict>
		<key>26BE3A661A170421009F37B4</key>
		<dict>
			<key>fileRef</key>
			<string>26BE39E91A170421009F37B4</string>
			<key>isa</key>
			<string>PBXBuildFile</string>
		</dict>
		<key>26BE3A671A170421009F37B4</key>
		<dict>
			<key>fileRef</key>
			<string>26BE39EA1A170421009F37B4</string>
			<key>isa</key>
			<string>PBXBuildFile</string>
		</dict>
		<key>26BE3A681A170421009F37B4</key>
		<dict>
			<key>fileRef</key>
			<string>26BE39EB1A170421009F37B4</string>
			<key>isa</key>
			<string>PBXBuildFile</string>
		</dict>
		<key>26BE3A691A170421009F37B4</key>
		<dict>
			<key>fileRef</key>
			<string>26BE39EC1A170421009F37B4</string>
			<key>isa</key>
			<string>PBXBuildFile</string>
		</dict>
		<key>26BE3A6A1A170421009F37B4</key>
		<dict>
			<key>fileRef</key>
			<string>26BE39ED1A170421009F37B4</string>
			<key>isa</key>
			<string>PBXBuildFile</string>
		</dict>
		<key>26BE3A6B1A170421009F37B4</key>
		<dict>
			<key>fileRef</key>
			<string>26BE39EE1A170421009F37B4</string>
			<key>isa</key>
			<string>PBXBuildFile</string>
		</dict>
		<key>26BE3A6C1A170421009F37B4</key>
		<dict>
			<key>fileRef</key>
			<string>26BE39EF1A170421009F37B4</string>
			<key>isa</key>
			<string>PBXBuildFile</string>
		</dict>
		<key>26BE3A6D1A170421009F37B4</key>
		<dict>
			<key>fileRef</key>
			<string>26BE39F01A170421009F37B4</string>
			<key>isa</key>
			<string>PBXBuildFile</string>
		</dict>
		<key>26BE3A6E1A170421009F37B4</key>
		<dict>
			<key>fileRef</key>
			<string>26BE39F11A170421009F37B4</string>
			<key>isa</key>
			<string>PBXBuildFile</string>
		</dict>
		<key>26BE3A6F1A170421009F37B4</key>
		<dict>
			<key>fileRef</key>
			<string>26BE39F21A170421009F37B4</string>
			<key>isa</key>
			<string>PBXBuildFile</string>
		</dict>
		<key>26BE3A701A170421009F37B4</key>
		<dict>
			<key>fileRef</key>
			<string>26BE39F31A170421009F37B4</string>
			<key>isa</key>
			<string>PBXBuildFile</string>
		</dict>
		<key>26BE3A711A170421009F37B4</key>
		<dict>
			<key>fileRef</key>
			<string>26BE39F41A170421009F37B4</string>
			<key>isa</key>
			<string>PBXBuildFile</string>
		</dict>
		<key>26BE3A721A170421009F37B4</key>
		<dict>
			<key>fileRef</key>
			<string>26BE39F61A170421009F37B4</string>
			<key>isa</key>
			<string>PBXBuildFile</string>
		</dict>
		<key>26BE3A731A170421009F37B4</key>
		<dict>
			<key>fileRef</key>
			<string>26BE39F71A170421009F37B4</string>
			<key>isa</key>
			<string>PBXBuildFile</string>
		</dict>
		<key>26BE3A741A170421009F37B4</key>
		<dict>
			<key>fileRef</key>
			<string>26BE39F81A170421009F37B4</string>
			<key>isa</key>
			<string>PBXBuildFile</string>
		</dict>
		<key>26BE3A751A170421009F37B4</key>
		<dict>
			<key>fileRef</key>
			<string>26BE39F91A170421009F37B4</string>
			<key>isa</key>
			<string>PBXBuildFile</string>
		</dict>
		<key>26BE3A761A170421009F37B4</key>
		<dict>
			<key>fileRef</key>
			<string>26BE39FA1A170421009F37B4</string>
			<key>isa</key>
			<string>PBXBuildFile</string>
		</dict>
		<key>26BE3A771A170421009F37B4</key>
		<dict>
			<key>fileRef</key>
			<string>26BE39FB1A170421009F37B4</string>
			<key>isa</key>
			<string>PBXBuildFile</string>
		</dict>
		<key>26BE3A781A170421009F37B4</key>
		<dict>
			<key>fileRef</key>
			<string>26BE39FC1A170421009F37B4</string>
			<key>isa</key>
			<string>PBXBuildFile</string>
		</dict>
		<key>26BE3A791A170421009F37B4</key>
		<dict>
			<key>fileRef</key>
			<string>26BE39FD1A170421009F37B4</string>
			<key>isa</key>
			<string>PBXBuildFile</string>
		</dict>
		<key>26BE3A7A1A170421009F37B4</key>
		<dict>
			<key>fileRef</key>
			<string>26BE39FE1A170421009F37B4</string>
			<key>isa</key>
			<string>PBXBuildFile</string>
		</dict>
		<key>26BE3A7B1A170421009F37B4</key>
		<dict>
			<key>fileRef</key>
			<string>26BE39FF1A170421009F37B4</string>
			<key>isa</key>
			<string>PBXBuildFile</string>
		</dict>
		<key>26BE3A7C1A170421009F37B4</key>
		<dict>
			<key>fileRef</key>
			<string>26BE3A001A170421009F37B4</string>
			<key>isa</key>
			<string>PBXBuildFile</string>
		</dict>
		<key>26BE3A7D1A170421009F37B4</key>
		<dict>
			<key>fileRef</key>
			<string>26BE3A011A170421009F37B4</string>
			<key>isa</key>
			<string>PBXBuildFile</string>
		</dict>
		<key>26BE3A7E1A170421009F37B4</key>
		<dict>
			<key>fileRef</key>
			<string>26BE3A031A170421009F37B4</string>
			<key>isa</key>
			<string>PBXBuildFile</string>
		</dict>
		<key>26BE3A7F1A170421009F37B4</key>
		<dict>
			<key>fileRef</key>
			<string>26BE3A041A170421009F37B4</string>
			<key>isa</key>
			<string>PBXBuildFile</string>
		</dict>
		<key>26BE3A801A170421009F37B4</key>
		<dict>
			<key>fileRef</key>
			<string>26BE3A051A170421009F37B4</string>
			<key>isa</key>
			<string>PBXBuildFile</string>
		</dict>
		<key>26BE3A811A170421009F37B4</key>
		<dict>
			<key>fileRef</key>
			<string>26BE3A061A170421009F37B4</string>
			<key>isa</key>
			<string>PBXBuildFile</string>
		</dict>
		<key>26BE3A821A170421009F37B4</key>
		<dict>
			<key>fileRef</key>
			<string>26BE3A071A170421009F37B4</string>
			<key>isa</key>
			<string>PBXBuildFile</string>
		</dict>
		<key>26BE3A831A170421009F37B4</key>
		<dict>
			<key>fileRef</key>
			<string>26BE3A081A170421009F37B4</string>
			<key>isa</key>
			<string>PBXBuildFile</string>
		</dict>
		<key>26BE3A841A170421009F37B4</key>
		<dict>
			<key>fileRef</key>
			<string>26BE3A091A170421009F37B4</string>
			<key>isa</key>
			<string>PBXBuildFile</string>
		</dict>
		<key>26BE3A851A170421009F37B4</key>
		<dict>
			<key>fileRef</key>
			<string>26BE3A0A1A170421009F37B4</string>
			<key>isa</key>
			<string>PBXBuildFile</string>
		</dict>
		<key>26BE3A861A170421009F37B4</key>
		<dict>
			<key>fileRef</key>
			<string>26BE3A0B1A170421009F37B4</string>
			<key>isa</key>
			<string>PBXBuildFile</string>
		</dict>
		<key>26BE3A871A170421009F37B4</key>
		<dict>
			<key>fileRef</key>
			<string>26BE3A0C1A170421009F37B4</string>
			<key>isa</key>
			<string>PBXBuildFile</string>
		</dict>
		<key>26BE3A881A170421009F37B4</key>
		<dict>
			<key>fileRef</key>
			<string>26BE3A0D1A170421009F37B4</string>
			<key>isa</key>
			<string>PBXBuildFile</string>
		</dict>
		<key>26BE3A891A170421009F37B4</key>
		<dict>
			<key>fileRef</key>
			<string>26BE3A0E1A170421009F37B4</string>
			<key>isa</key>
			<string>PBXBuildFile</string>
		</dict>
		<key>26BE3A8A1A170421009F37B4</key>
		<dict>
			<key>fileRef</key>
			<string>26BE3A0F1A170421009F37B4</string>
			<key>isa</key>
			<string>PBXBuildFile</string>
		</dict>
		<key>26BE3A8B1A170421009F37B4</key>
		<dict>
			<key>fileRef</key>
			<string>26BE3A101A170421009F37B4</string>
			<key>isa</key>
			<string>PBXBuildFile</string>
		</dict>
		<key>26BE3A8C1A170421009F37B4</key>
		<dict>
			<key>fileRef</key>
			<string>26BE3A121A170421009F37B4</string>
			<key>isa</key>
			<string>PBXBuildFile</string>
		</dict>
		<key>26BE3A8D1A170421009F37B4</key>
		<dict>
			<key>fileRef</key>
			<string>26BE3A131A170421009F37B4</string>
			<key>isa</key>
			<string>PBXBuildFile</string>
		</dict>
		<key>26BE3A8E1A170421009F37B4</key>
		<dict>
			<key>fileRef</key>
			<string>26BE3A171A170421009F37B4</string>
			<key>isa</key>
			<string>PBXBuildFile</string>
		</dict>
		<key>26BE3A8F1A170421009F37B4</key>
		<dict>
			<key>fileRef</key>
			<string>26BE3A191A170421009F37B4</string>
			<key>isa</key>
			<string>PBXBuildFile</string>
		</dict>
		<key>26BE3A901A170421009F37B4</key>
		<dict>
			<key>fileRef</key>
			<string>26BE3A1B1A170421009F37B4</string>
			<key>isa</key>
			<string>PBXBuildFile</string>
		</dict>
		<key>26BE3A911A170421009F37B4</key>
		<dict>
			<key>fileRef</key>
			<string>26BE3A1D1A170421009F37B4</string>
			<key>isa</key>
			<string>PBXBuildFile</string>
		</dict>
		<key>26BE3A921A170421009F37B4</key>
		<dict>
			<key>fileRef</key>
			<string>26BE3A1F1A170421009F37B4</string>
			<key>isa</key>
			<string>PBXBuildFile</string>
		</dict>
		<key>26BE3A931A170421009F37B4</key>
		<dict>
			<key>fileRef</key>
			<string>26BE3A211A170421009F37B4</string>
			<key>isa</key>
			<string>PBXBuildFile</string>
		</dict>
		<key>26BE3A941A170421009F37B4</key>
		<dict>
			<key>fileRef</key>
			<string>26BE3A231A170421009F37B4</string>
			<key>isa</key>
			<string>PBXBuildFile</string>
		</dict>
		<key>26BE3A951A170421009F37B4</key>
		<dict>
			<key>fileRef</key>
			<string>26BE3A251A170421009F37B4</string>
			<key>isa</key>
			<string>PBXBuildFile</string>
		</dict>
		<key>26BE3A961A170421009F37B4</key>
		<dict>
			<key>fileRef</key>
			<string>26BE3A271A170421009F37B4</string>
			<key>isa</key>
			<string>PBXBuildFile</string>
		</dict>
		<key>26BE3A971A170421009F37B4</key>
		<dict>
			<key>fileRef</key>
			<string>26BE3A291A170421009F37B4</string>
			<key>isa</key>
			<string>PBXBuildFile</string>
		</dict>
		<key>26BE3A981A170421009F37B4</key>
		<dict>
			<key>fileRef</key>
			<string>26BE3A301A170421009F37B4</string>
			<key>isa</key>
			<string>PBXBuildFile</string>
		</dict>
		<key>26BE3A991A170421009F37B4</key>
		<dict>
			<key>fileRef</key>
			<string>26BE3A321A170421009F37B4</string>
			<key>isa</key>
			<string>PBXBuildFile</string>
		</dict>
		<key>26BE3A9A1A170421009F37B4</key>
		<dict>
			<key>fileRef</key>
			<string>26BE3A331A170421009F37B4</string>
			<key>isa</key>
			<string>PBXBuildFile</string>
		</dict>
		<key>26BE3A9B1A170421009F37B4</key>
		<dict>
			<key>fileRef</key>
			<string>26BE3A351A170421009F37B4</string>
			<key>isa</key>
			<string>PBXBuildFile</string>
		</dict>
		<key>26BE3A9C1A170421009F37B4</key>
		<dict>
			<key>fileRef</key>
			<string>26BE3A371A170421009F37B4</string>
			<key>isa</key>
			<string>PBXBuildFile</string>
		</dict>
		<key>26BE3A9D1A170421009F37B4</key>
		<dict>
			<key>fileRef</key>
			<string>26BE3A3A1A170421009F37B4</string>
			<key>isa</key>
			<string>PBXBuildFile</string>
		</dict>
		<key>26BE3A9E1A170421009F37B4</key>
		<dict>
			<key>fileRef</key>
			<string>26BE3A3C1A170421009F37B4</string>
			<key>isa</key>
			<string>PBXBuildFile</string>
		</dict>
		<key>26BE3A9F1A170421009F37B4</key>
		<dict>
			<key>fileRef</key>
			<string>26BE3A3F1A170421009F37B4</string>
			<key>isa</key>
			<string>PBXBuildFile</string>
		</dict>
		<key>26BE3AA01A170421009F37B4</key>
		<dict>
			<key>fileRef</key>
			<string>26BE3A421A170421009F37B4</string>
			<key>isa</key>
			<string>PBXBuildFile</string>
		</dict>
		<key>26BE3AA11A170421009F37B4</key>
		<dict>
			<key>fileRef</key>
			<string>26BE3A441A170421009F37B4</string>
			<key>isa</key>
			<string>PBXBuildFile</string>
		</dict>
		<key>26BE3AA21A170421009F37B4</key>
		<dict>
			<key>fileRef</key>
			<string>26BE3A461A170421009F37B4</string>
			<key>isa</key>
			<string>PBXBuildFile</string>
		</dict>
		<key>26BE3AA31A170421009F37B4</key>
		<dict>
			<key>fileRef</key>
			<string>26BE3A481A170421009F37B4</string>
			<key>isa</key>
			<string>PBXBuildFile</string>
		</dict>
		<key>26BE3AA41A170421009F37B4</key>
		<dict>
			<key>fileRef</key>
			<string>26BE3A4A1A170421009F37B4</string>
			<key>isa</key>
			<string>PBXBuildFile</string>
		</dict>
		<key>26BE3AA51A170421009F37B4</key>
		<dict>
			<key>fileRef</key>
			<string>26BE3A4C1A170421009F37B4</string>
			<key>isa</key>
			<string>PBXBuildFile</string>
		</dict>
		<key>26BE3AA61A170421009F37B4</key>
		<dict>
			<key>fileRef</key>
			<string>26BE3A4E1A170421009F37B4</string>
			<key>isa</key>
			<string>PBXBuildFile</string>
		</dict>
		<key>26BE3AA71A170421009F37B4</key>
		<dict>
			<key>fileRef</key>
			<string>26BE3A521A170421009F37B4</string>
			<key>isa</key>
			<string>PBXBuildFile</string>
		</dict>
		<key>26BE3AA81A170421009F37B4</key>
		<dict>
			<key>fileRef</key>
			<string>26BE3A541A170421009F37B4</string>
			<key>isa</key>
			<string>PBXBuildFile</string>
		</dict>
		<key>26BE3AAA1A170421009F37B4</key>
		<dict>
			<key>fileRef</key>
			<string>26BE3A5C1A170421009F37B4</string>
			<key>isa</key>
			<string>PBXBuildFile</string>
		</dict>
		<key>26BE3AAB1A170464009F37B4</key>
		<dict>
			<key>children</key>
			<array>
				<string>26BE3AAC1A170464009F37B4</string>
			</array>
			<key>currentVersion</key>
			<string>26BE3AAC1A170464009F37B4</string>
			<key>isa</key>
			<string>XCVersionGroup</string>
			<key>path</key>
			<string>mltshop.xcdatamodeld</string>
			<key>sourceTree</key>
			<string>&lt;group&gt;</string>
			<key>versionGroupType</key>
			<string>wrapper.xcdatamodel</string>
		</dict>
		<key>26BE3AAC1A170464009F37B4</key>
		<dict>
			<key>isa</key>
			<string>PBXFileReference</string>
			<key>lastKnownFileType</key>
			<string>wrapper.xcdatamodel</string>
			<key>path</key>
			<string>mltshop.xcdatamodel</string>
			<key>sourceTree</key>
			<string>&lt;group&gt;</string>
		</dict>
		<key>26BE3AAD1A170464009F37B4</key>
		<dict>
			<key>fileRef</key>
			<string>26BE3AAB1A170464009F37B4</string>
			<key>isa</key>
			<string>PBXBuildFile</string>
		</dict>
		<key>26BE3AAE1A170486009F37B4</key>
		<dict>
			<key>fileEncoding</key>
			<string>4</string>
			<key>isa</key>
			<string>PBXFileReference</string>
			<key>lastKnownFileType</key>
			<string>sourcecode.c.objc</string>
			<key>path</key>
			<string>ViewController.m</string>
			<key>sourceTree</key>
			<string>&lt;group&gt;</string>
		</dict>
		<key>26BE3AAF1A170486009F37B4</key>
		<dict>
			<key>fileEncoding</key>
			<string>4</string>
			<key>isa</key>
			<string>PBXFileReference</string>
			<key>lastKnownFileType</key>
			<string>sourcecode.c.h</string>
			<key>path</key>
			<string>ViewController.h</string>
			<key>sourceTree</key>
			<string>&lt;group&gt;</string>
		</dict>
		<key>26BE3AB01A170486009F37B4</key>
		<dict>
			<key>fileRef</key>
			<string>26BE3AAE1A170486009F37B4</string>
			<key>isa</key>
			<string>PBXBuildFile</string>
		</dict>
		<key>4C091F7463655AEB9D9E6215</key>
		<dict>
			<key>includeInIndex</key>
			<string>1</string>
			<key>isa</key>
			<string>PBXFileReference</string>
			<key>lastKnownFileType</key>
			<string>text.xcconfig</string>
			<key>name</key>
			<string>Pods.release.xcconfig</string>
			<key>path</key>
			<string>Pods/Target Support Files/Pods/Pods.release.xcconfig</string>
			<key>sourceTree</key>
			<string>&lt;group&gt;</string>
		</dict>
		<key>4E08A7CE90B041F9938ED6D1</key>
		<dict>
			<key>buildActionMask</key>
			<string>2147483647</string>
			<key>files</key>
			<array/>
			<key>inputPaths</key>
			<array/>
			<key>isa</key>
			<string>PBXShellScriptBuildPhase</string>
			<key>name</key>
			<string>Copy Pods Resources</string>
			<key>outputPaths</key>
			<array/>
			<key>runOnlyForDeploymentPostprocessing</key>
			<string>0</string>
			<key>shellPath</key>
			<string>/bin/sh</string>
			<key>shellScript</key>
			<string>"${SRCROOT}/Pods/Target Support Files/Pods/Pods-resources.sh"
</string>
			<key>showEnvVarsInLog</key>
			<string>0</string>
		</dict>
		<key>6F65776EF66E7C56C2777D8A</key>
		<dict>
			<key>includeInIndex</key>
			<string>1</string>
			<key>isa</key>
			<string>PBXFileReference</string>
			<key>lastKnownFileType</key>
			<string>text.xcconfig</string>
			<key>name</key>
			<string>Pods.debug.xcconfig</string>
			<key>path</key>
			<string>Pods/Target Support Files/Pods/Pods.debug.xcconfig</string>
			<key>sourceTree</key>
			<string>&lt;group&gt;</string>
		</dict>
		<key>80502A031C766084744D27D2</key>
		<dict>
			<key>children</key>
			<array>
				<string>6F65776EF66E7C56C2777D8A</string>
				<string>4C091F7463655AEB9D9E6215</string>
			</array>
			<key>isa</key>
			<string>PBXGroup</string>
			<key>name</key>
			<string>Pods</string>
			<key>sourceTree</key>
			<string>&lt;group&gt;</string>
		</dict>
		<key>825EAD0E0C594BCDB26292E9</key>
		<dict>
			<key>buildActionMask</key>
			<string>2147483647</string>
			<key>files</key>
			<array/>
			<key>inputPaths</key>
			<array/>
			<key>isa</key>
			<string>PBXShellScriptBuildPhase</string>
			<key>name</key>
			<string>Check Pods Manifest.lock</string>
			<key>outputPaths</key>
			<array/>
			<key>runOnlyForDeploymentPostprocessing</key>
			<string>0</string>
			<key>shellPath</key>
			<string>/bin/sh</string>
			<key>shellScript</key>
			<string>diff "${PODS_ROOT}/../Podfile.lock" "${PODS_ROOT}/Manifest.lock" &gt; /dev/null
if [[ $? != 0 ]] ; then
    cat &lt;&lt; EOM
error: The sandbox is not in sync with the Podfile.lock. Run 'pod install' or update your CocoaPods installation.
EOM
    exit 1
fi
</string>
			<key>showEnvVarsInLog</key>
			<string>0</string>
		</dict>
		<key>C35F25B6A37D4C2BBEA11D50</key>
		<dict>
			<key>fileRef</key>
			<string>C41C99F2716B4A278B8C21BB</string>
			<key>isa</key>
			<string>PBXBuildFile</string>
		</dict>
		<key>C41C99F2716B4A278B8C21BB</key>
		<dict>
			<key>explicitFileType</key>
			<string>archive.ar</string>
			<key>includeInIndex</key>
			<string>0</string>
			<key>isa</key>
			<string>PBXFileReference</string>
			<key>path</key>
			<string>libPods.a</string>
			<key>sourceTree</key>
			<string>BUILT_PRODUCTS_DIR</string>
		</dict>
		<key>E781564BAD464C1A94F8A622</key>
		<dict>
			<key>children</key>
			<array>
				<string>C41C99F2716B4A278B8C21BB</string>
			</array>
			<key>isa</key>
			<string>PBXGroup</string>
			<key>name</key>
			<string>Frameworks</string>
			<key>sourceTree</key>
			<string>&lt;group&gt;</string>
		</dict>
	</dict>
	<key>rootObject</key>
	<string>266FA7F21A134A72000C2AAE</string>
</dict>
</plist>
